// !$*UTF8*$!
{
	archiveVersion = 1;
	classes = {
	};
	objectVersion = 48;
	objects = {

/* Begin PBXBuildFile section */
		F718DA821A71D390007E0187 /* ForecastTableViewCell.swift in Sources */ = {isa = PBXBuildFile; fileRef = F718DA801A71D390007E0187 /* ForecastTableViewCell.swift */; };
		F718DA831A71D390007E0187 /* ForecastTableViewCell.xib in Resources */ = {isa = PBXBuildFile; fileRef = F718DA811A71D390007E0187 /* ForecastTableViewCell.xib */; };
		F71DED301A96B0E0008042C0 /* ForecastAPI.swift in Sources */ = {isa = PBXBuildFile; fileRef = F71DED2F1A96B0E0008042C0 /* ForecastAPI.swift */; };
		F727533A1A702CC80070CCB7 /* WeatherViewModel.swift in Sources */ = {isa = PBXBuildFile; fileRef = F72753391A702CC80070CCB7 /* WeatherViewModel.swift */; };
		F727533C1A7040D80070CCB7 /* LocationTracker.swift in Sources */ = {isa = PBXBuildFile; fileRef = F727533B1A7040D80070CCB7 /* LocationTracker.swift */; };
		F727533F1A70BD2A0070CCB7 /* WeatherModel.swift in Sources */ = {isa = PBXBuildFile; fileRef = F727533E1A70BD2A0070CCB7 /* WeatherModel.swift */; };
		F74AE70A1A6EFA33002025FD /* ForecastsDataSource.swift in Sources */ = {isa = PBXBuildFile; fileRef = F74AE7091A6EFA33002025FD /* ForecastsDataSource.swift */; };
		F74AE70D1A6EFD71002025FD /* ConditionsHeaderView.swift in Sources */ = {isa = PBXBuildFile; fileRef = F74AE70C1A6EFD71002025FD /* ConditionsHeaderView.swift */; };
		F74AE70F1A6EFDB5002025FD /* ConditionsHeaderView.xib in Resources */ = {isa = PBXBuildFile; fileRef = F74AE70E1A6EFDB5002025FD /* ConditionsHeaderView.xib */; };
		F76153C61A6DC2430053F3F9 /* AppDelegate.swift in Sources */ = {isa = PBXBuildFile; fileRef = F76153C51A6DC2430053F3F9 /* AppDelegate.swift */; };
		F76153C81A6DC2430053F3F9 /* ViewController.swift in Sources */ = {isa = PBXBuildFile; fileRef = F76153C71A6DC2430053F3F9 /* ViewController.swift */; };
		F76153CB1A6DC2430053F3F9 /* Main.storyboard in Resources */ = {isa = PBXBuildFile; fileRef = F76153C91A6DC2430053F3F9 /* Main.storyboard */; };
		F76153CD1A6DC2430053F3F9 /* Images.xcassets in Resources */ = {isa = PBXBuildFile; fileRef = F76153CC1A6DC2430053F3F9 /* Images.xcassets */; };
		F76153D01A6DC2430053F3F9 /* LaunchScreen.xib in Resources */ = {isa = PBXBuildFile; fileRef = F76153CE1A6DC2430053F3F9 /* LaunchScreen.xib */; };
		F76153E61A6DC26F0053F3F9 /* NetworkController.swift in Sources */ = {isa = PBXBuildFile; fileRef = F76153E51A6DC26F0053F3F9 /* NetworkController.swift */; };
		F76153EA1A6DC3590053F3F9 /* Forecast.swift in Sources */ = {isa = PBXBuildFile; fileRef = F76153E91A6DC3590053F3F9 /* Forecast.swift */; };
		F76153EC1A6DC3850053F3F9 /* NSData+JSON.swift in Sources */ = {isa = PBXBuildFile; fileRef = F76153EB1A6DC3850053F3F9 /* NSData+JSON.swift */; };
		F76153EE1A6DC5940053F3F9 /* Result.swift in Sources */ = {isa = PBXBuildFile; fileRef = F76153ED1A6DC5940053F3F9 /* Result.swift */; };
		F7756E431A71D66100F0B56C /* ForecastViewModel.swift in Sources */ = {isa = PBXBuildFile; fileRef = F7756E421A71D66100F0B56C /* ForecastViewModel.swift */; };
		F7756E451A71D6BA00F0B56C /* String+WeatherIcons.swift in Sources */ = {isa = PBXBuildFile; fileRef = F7756E441A71D6BA00F0B56C /* String+WeatherIcons.swift */; };
		F789F7981A8C549D0028014F /* ForecastViewModelTests.swift in Sources */ = {isa = PBXBuildFile; fileRef = F789F7971A8C549D0028014F /* ForecastViewModelTests.swift */; };
		F79D9A941A6F388B004B4F59 /* weathericons-regular-webfont.ttf in Resources */ = {isa = PBXBuildFile; fileRef = F79D9A931A6F3886004B4F59 /* weathericons-regular-webfont.ttf */; };
		F7A2EB771D0D39EE005774EA /* NetworkError.swift in Sources */ = {isa = PBXBuildFile; fileRef = F7A2EB761D0D39EE005774EA /* NetworkError.swift */; };
		F7B25A6D1D0E67EB00975175 /* JSON.swift in Sources */ = {isa = PBXBuildFile; fileRef = F7B25A6C1D0E67EB00975175 /* JSON.swift */; };
		F7B341A81D0DAF9B00744D4F /* BadResponseURLProtocol.swift in Sources */ = {isa = PBXBuildFile; fileRef = F7B341A31D0DAF9B00744D4F /* BadResponseURLProtocol.swift */; };
		F7B341A91D0DAF9B00744D4F /* BadStatusURLProtocol.swift in Sources */ = {isa = PBXBuildFile; fileRef = F7B341A41D0DAF9B00744D4F /* BadStatusURLProtocol.swift */; };
		F7B341AA1D0DAF9B00744D4F /* FailingURLProtocol.swift in Sources */ = {isa = PBXBuildFile; fileRef = F7B341A51D0DAF9B00744D4F /* FailingURLProtocol.swift */; };
		F7B341AB1D0DAF9B00744D4F /* LocalURLProtocol.swift in Sources */ = {isa = PBXBuildFile; fileRef = F7B341A61D0DAF9B00744D4F /* LocalURLProtocol.swift */; };
		F7B341AC1D0DAF9B00744D4F /* NSURLSessionConfiguration+Protocols.swift in Sources */ = {isa = PBXBuildFile; fileRef = F7B341A71D0DAF9B00744D4F /* NSURLSessionConfiguration+Protocols.swift */; };
		F7B341AF1D0DB0E000744D4F /* NetworkControllerTests.swift in Sources */ = {isa = PBXBuildFile; fileRef = F7846E2A1A8D146C008C5AC1 /* NetworkControllerTests.swift */; };
		F7C3D3351A97909700BE0F0D /* Conditions.swift in Sources */ = {isa = PBXBuildFile; fileRef = F7C3D3341A97909700BE0F0D /* Conditions.swift */; };
		F7EB06C31A97AA3B00973A85 /* Weather.swift in Sources */ = {isa = PBXBuildFile; fileRef = F7EB06C21A97AA3B00973A85 /* Weather.swift */; };
		F7FB02851D0F2A4700DA45B5 /* Identifiable.swift in Sources */ = {isa = PBXBuildFile; fileRef = F7FB02841D0F2A4700DA45B5 /* Identifiable.swift */; };
/* End PBXBuildFile section */

/* Begin PBXFileReference section */
		F718DA801A71D390007E0187 /* ForecastTableViewCell.swift */ = {isa = PBXFileReference; fileEncoding = 4; lastKnownFileType = sourcecode.swift; path = ForecastTableViewCell.swift; sourceTree = "<group>"; };
		F718DA811A71D390007E0187 /* ForecastTableViewCell.xib */ = {isa = PBXFileReference; fileEncoding = 4; lastKnownFileType = file.xib; path = ForecastTableViewCell.xib; sourceTree = "<group>"; };
		F71DED2F1A96B0E0008042C0 /* ForecastAPI.swift */ = {isa = PBXFileReference; fileEncoding = 4; lastKnownFileType = sourcecode.swift; path = ForecastAPI.swift; sourceTree = "<group>"; };
		F72753391A702CC80070CCB7 /* WeatherViewModel.swift */ = {isa = PBXFileReference; fileEncoding = 4; lastKnownFileType = sourcecode.swift; path = WeatherViewModel.swift; sourceTree = "<group>"; };
		F727533B1A7040D80070CCB7 /* LocationTracker.swift */ = {isa = PBXFileReference; fileEncoding = 4; lastKnownFileType = sourcecode.swift; path = LocationTracker.swift; sourceTree = "<group>"; };
		F727533E1A70BD2A0070CCB7 /* WeatherModel.swift */ = {isa = PBXFileReference; fileEncoding = 4; lastKnownFileType = sourcecode.swift; path = WeatherModel.swift; sourceTree = "<group>"; };
		F74AE7091A6EFA33002025FD /* ForecastsDataSource.swift */ = {isa = PBXFileReference; fileEncoding = 4; lastKnownFileType = sourcecode.swift; path = ForecastsDataSource.swift; sourceTree = "<group>"; };
		F74AE70C1A6EFD71002025FD /* ConditionsHeaderView.swift */ = {isa = PBXFileReference; fileEncoding = 4; lastKnownFileType = sourcecode.swift; path = ConditionsHeaderView.swift; sourceTree = "<group>"; };
		F74AE70E1A6EFDB5002025FD /* ConditionsHeaderView.xib */ = {isa = PBXFileReference; fileEncoding = 4; lastKnownFileType = file.xib; path = ConditionsHeaderView.xib; sourceTree = "<group>"; };
		F76153C01A6DC2430053F3F9 /* Jetstream.app */ = {isa = PBXFileReference; explicitFileType = wrapper.application; includeInIndex = 0; path = Jetstream.app; sourceTree = BUILT_PRODUCTS_DIR; };
		F76153C41A6DC2430053F3F9 /* Info.plist */ = {isa = PBXFileReference; lastKnownFileType = text.plist.xml; path = Info.plist; sourceTree = "<group>"; };
		F76153C51A6DC2430053F3F9 /* AppDelegate.swift */ = {isa = PBXFileReference; lastKnownFileType = sourcecode.swift; path = AppDelegate.swift; sourceTree = "<group>"; };
		F76153C71A6DC2430053F3F9 /* ViewController.swift */ = {isa = PBXFileReference; lastKnownFileType = sourcecode.swift; path = ViewController.swift; sourceTree = "<group>"; };
		F76153CA1A6DC2430053F3F9 /* Base */ = {isa = PBXFileReference; lastKnownFileType = file.storyboard; name = Base; path = Base.lproj/Main.storyboard; sourceTree = "<group>"; };
		F76153CC1A6DC2430053F3F9 /* Images.xcassets */ = {isa = PBXFileReference; lastKnownFileType = folder.assetcatalog; path = Images.xcassets; sourceTree = "<group>"; };
		F76153CF1A6DC2430053F3F9 /* Base */ = {isa = PBXFileReference; lastKnownFileType = file.xib; name = Base; path = Base.lproj/LaunchScreen.xib; sourceTree = "<group>"; };
		F76153D51A6DC2430053F3F9 /* JetstreamTests.xctest */ = {isa = PBXFileReference; explicitFileType = wrapper.cfbundle; includeInIndex = 0; path = JetstreamTests.xctest; sourceTree = BUILT_PRODUCTS_DIR; };
		F76153DA1A6DC2430053F3F9 /* Info.plist */ = {isa = PBXFileReference; lastKnownFileType = text.plist.xml; path = Info.plist; sourceTree = "<group>"; };
		F76153E51A6DC26F0053F3F9 /* NetworkController.swift */ = {isa = PBXFileReference; fileEncoding = 4; lastKnownFileType = sourcecode.swift; path = NetworkController.swift; sourceTree = "<group>"; };
		F76153E91A6DC3590053F3F9 /* Forecast.swift */ = {isa = PBXFileReference; fileEncoding = 4; lastKnownFileType = sourcecode.swift; path = Forecast.swift; sourceTree = "<group>"; };
		F76153EB1A6DC3850053F3F9 /* NSData+JSON.swift */ = {isa = PBXFileReference; fileEncoding = 4; lastKnownFileType = sourcecode.swift; path = "NSData+JSON.swift"; sourceTree = "<group>"; };
		F76153ED1A6DC5940053F3F9 /* Result.swift */ = {isa = PBXFileReference; fileEncoding = 4; lastKnownFileType = sourcecode.swift; path = Result.swift; sourceTree = "<group>"; };
		F7756E421A71D66100F0B56C /* ForecastViewModel.swift */ = {isa = PBXFileReference; fileEncoding = 4; lastKnownFileType = sourcecode.swift; path = ForecastViewModel.swift; sourceTree = "<group>"; };
		F7756E441A71D6BA00F0B56C /* String+WeatherIcons.swift */ = {isa = PBXFileReference; fileEncoding = 4; lastKnownFileType = sourcecode.swift; path = "String+WeatherIcons.swift"; sourceTree = "<group>"; };
		F7846E2A1A8D146C008C5AC1 /* NetworkControllerTests.swift */ = {isa = PBXFileReference; fileEncoding = 4; lastKnownFileType = sourcecode.swift; path = NetworkControllerTests.swift; sourceTree = "<group>"; };
		F789F7971A8C549D0028014F /* ForecastViewModelTests.swift */ = {isa = PBXFileReference; fileEncoding = 4; lastKnownFileType = sourcecode.swift; path = ForecastViewModelTests.swift; sourceTree = "<group>"; };
		F79D9A931A6F3886004B4F59 /* weathericons-regular-webfont.ttf */ = {isa = PBXFileReference; lastKnownFileType = file; name = "weathericons-regular-webfont.ttf"; path = "Vendor/weather-icons/font/weathericons-regular-webfont.ttf"; sourceTree = SOURCE_ROOT; };
		F7A2EB761D0D39EE005774EA /* NetworkError.swift */ = {isa = PBXFileReference; fileEncoding = 4; lastKnownFileType = sourcecode.swift; path = NetworkError.swift; sourceTree = "<group>"; };
		F7B25A6C1D0E67EB00975175 /* JSON.swift */ = {isa = PBXFileReference; fileEncoding = 4; lastKnownFileType = sourcecode.swift; path = JSON.swift; sourceTree = "<group>"; };
		F7B341A31D0DAF9B00744D4F /* BadResponseURLProtocol.swift */ = {isa = PBXFileReference; fileEncoding = 4; lastKnownFileType = sourcecode.swift; path = BadResponseURLProtocol.swift; sourceTree = "<group>"; };
		F7B341A41D0DAF9B00744D4F /* BadStatusURLProtocol.swift */ = {isa = PBXFileReference; fileEncoding = 4; lastKnownFileType = sourcecode.swift; path = BadStatusURLProtocol.swift; sourceTree = "<group>"; };
		F7B341A51D0DAF9B00744D4F /* FailingURLProtocol.swift */ = {isa = PBXFileReference; fileEncoding = 4; lastKnownFileType = sourcecode.swift; path = FailingURLProtocol.swift; sourceTree = "<group>"; };
		F7B341A61D0DAF9B00744D4F /* LocalURLProtocol.swift */ = {isa = PBXFileReference; fileEncoding = 4; lastKnownFileType = sourcecode.swift; path = LocalURLProtocol.swift; sourceTree = "<group>"; };
		F7B341A71D0DAF9B00744D4F /* NSURLSessionConfiguration+Protocols.swift */ = {isa = PBXFileReference; fileEncoding = 4; lastKnownFileType = sourcecode.swift; path = "NSURLSessionConfiguration+Protocols.swift"; sourceTree = "<group>"; };
		F7C3D3341A97909700BE0F0D /* Conditions.swift */ = {isa = PBXFileReference; fileEncoding = 4; lastKnownFileType = sourcecode.swift; path = Conditions.swift; sourceTree = "<group>"; };
		F7EB06C21A97AA3B00973A85 /* Weather.swift */ = {isa = PBXFileReference; fileEncoding = 4; lastKnownFileType = sourcecode.swift; path = Weather.swift; sourceTree = "<group>"; };
		F7FB02841D0F2A4700DA45B5 /* Identifiable.swift */ = {isa = PBXFileReference; fileEncoding = 4; lastKnownFileType = sourcecode.swift; path = Identifiable.swift; sourceTree = "<group>"; };
/* End PBXFileReference section */

/* Begin PBXFrameworksBuildPhase section */
		F76153BD1A6DC2430053F3F9 /* Frameworks */ = {
			isa = PBXFrameworksBuildPhase;
			buildActionMask = 2147483647;
			files = (
			);
			runOnlyForDeploymentPostprocessing = 0;
		};
		F76153D21A6DC2430053F3F9 /* Frameworks */ = {
			isa = PBXFrameworksBuildPhase;
			buildActionMask = 2147483647;
			files = (
			);
			runOnlyForDeploymentPostprocessing = 0;
		};
/* End PBXFrameworksBuildPhase section */

/* Begin PBXGroup section */
		F74AE7061A6EF940002025FD /* Controller */ = {
			isa = PBXGroup;
			children = (
				F727533B1A7040D80070CCB7 /* LocationTracker.swift */,
				F76153E51A6DC26F0053F3F9 /* NetworkController.swift */,
				F7A2EB761D0D39EE005774EA /* NetworkError.swift */,
			);
			name = Controller;
			sourceTree = "<group>";
		};
		F74AE7071A6EF952002025FD /* Model */ = {
			isa = PBXGroup;
			children = (
				F76153E91A6DC3590053F3F9 /* Forecast.swift */,
				F7EB06C21A97AA3B00973A85 /* Weather.swift */,
				F7C3D3341A97909700BE0F0D /* Conditions.swift */,
				F727533E1A70BD2A0070CCB7 /* WeatherModel.swift */,
				F71DED2F1A96B0E0008042C0 /* ForecastAPI.swift */,
			);
			name = Model;
			sourceTree = "<group>";
		};
		F74AE7081A6EFA15002025FD /* ViewModel */ = {
			isa = PBXGroup;
			children = (
				F74AE7091A6EFA33002025FD /* ForecastsDataSource.swift */,
				F72753391A702CC80070CCB7 /* WeatherViewModel.swift */,
				F7756E421A71D66100F0B56C /* ForecastViewModel.swift */,
				F7756E441A71D6BA00F0B56C /* String+WeatherIcons.swift */,
			);
			name = ViewModel;
			sourceTree = "<group>";
		};
		F74AE70B1A6EFD5D002025FD /* View */ = {
			isa = PBXGroup;
			children = (
				F74AE70C1A6EFD71002025FD /* ConditionsHeaderView.swift */,
				F74AE70E1A6EFDB5002025FD /* ConditionsHeaderView.xib */,
				F718DA801A71D390007E0187 /* ForecastTableViewCell.swift */,
				F718DA811A71D390007E0187 /* ForecastTableViewCell.xib */,
			);
			name = View;
			sourceTree = "<group>";
		};
		F74B16261A754E2900344C67 /* Types */ = {
			isa = PBXGroup;
			children = (
				F76153ED1A6DC5940053F3F9 /* Result.swift */,
				F76153EB1A6DC3850053F3F9 /* NSData+JSON.swift */,
				F7B25A6C1D0E67EB00975175 /* JSON.swift */,
				F7FB02841D0F2A4700DA45B5 /* Identifiable.swift */,
			);
			name = Types;
			sourceTree = "<group>";
		};
		F76153B71A6DC2430053F3F9 = {
			isa = PBXGroup;
			children = (
				F76153C21A6DC2430053F3F9 /* Jetstream */,
				F76153D81A6DC2430053F3F9 /* JetstreamTests */,
				F76153C11A6DC2430053F3F9 /* Products */,
			);
			sourceTree = "<group>";
		};
		F76153C11A6DC2430053F3F9 /* Products */ = {
			isa = PBXGroup;
			children = (
				F76153C01A6DC2430053F3F9 /* Jetstream.app */,
				F76153D51A6DC2430053F3F9 /* JetstreamTests.xctest */,
			);
			name = Products;
			sourceTree = "<group>";
		};
		F76153C21A6DC2430053F3F9 /* Jetstream */ = {
			isa = PBXGroup;
			children = (
				F76153C51A6DC2430053F3F9 /* AppDelegate.swift */,
				F76153C71A6DC2430053F3F9 /* ViewController.swift */,
				F74AE7071A6EF952002025FD /* Model */,
				F74AE70B1A6EFD5D002025FD /* View */,
				F74AE7081A6EFA15002025FD /* ViewModel */,
				F74AE7061A6EF940002025FD /* Controller */,
				F74B16261A754E2900344C67 /* Types */,
				F76153C91A6DC2430053F3F9 /* Main.storyboard */,
				F76153CC1A6DC2430053F3F9 /* Images.xcassets */,
				F76153CE1A6DC2430053F3F9 /* LaunchScreen.xib */,
				F76153C31A6DC2430053F3F9 /* Supporting Files */,
			);
			path = Jetstream;
			sourceTree = "<group>";
		};
		F76153C31A6DC2430053F3F9 /* Supporting Files */ = {
			isa = PBXGroup;
			children = (
				F79D9A931A6F3886004B4F59 /* weathericons-regular-webfont.ttf */,
				F76153C41A6DC2430053F3F9 /* Info.plist */,
			);
			name = "Supporting Files";
			sourceTree = "<group>";
		};
		F76153D81A6DC2430053F3F9 /* JetstreamTests */ = {
			isa = PBXGroup;
			children = (
				F789F7971A8C549D0028014F /* ForecastViewModelTests.swift */,
				F7846E2A1A8D146C008C5AC1 /* NetworkControllerTests.swift */,
				F7B341AD1D0DAFF200744D4F /* Mocks */,
				F76153D91A6DC2430053F3F9 /* Supporting Files */,
			);
			path = JetstreamTests;
			sourceTree = "<group>";
		};
		F76153D91A6DC2430053F3F9 /* Supporting Files */ = {
			isa = PBXGroup;
			children = (
				F76153DA1A6DC2430053F3F9 /* Info.plist */,
			);
			name = "Supporting Files";
			sourceTree = "<group>";
		};
		F7B341AD1D0DAFF200744D4F /* Mocks */ = {
			isa = PBXGroup;
			children = (
				F7B341A31D0DAF9B00744D4F /* BadResponseURLProtocol.swift */,
				F7B341A41D0DAF9B00744D4F /* BadStatusURLProtocol.swift */,
				F7B341A51D0DAF9B00744D4F /* FailingURLProtocol.swift */,
				F7B341A61D0DAF9B00744D4F /* LocalURLProtocol.swift */,
				F7B341A71D0DAF9B00744D4F /* NSURLSessionConfiguration+Protocols.swift */,
			);
			name = Mocks;
			sourceTree = "<group>";
		};
/* End PBXGroup section */

/* Begin PBXNativeTarget section */
		F76153BF1A6DC2430053F3F9 /* Jetstream */ = {
			isa = PBXNativeTarget;
			buildConfigurationList = F76153DF1A6DC2430053F3F9 /* Build configuration list for PBXNativeTarget "Jetstream" */;
			buildPhases = (
				F76153BC1A6DC2430053F3F9 /* Sources */,
				F76153BD1A6DC2430053F3F9 /* Frameworks */,
				F76153BE1A6DC2430053F3F9 /* Resources */,
			);
			buildRules = (
			);
			dependencies = (
			);
			name = Jetstream;
			productName = Jetstream;
			productReference = F76153C01A6DC2430053F3F9 /* Jetstream.app */;
			productType = "com.apple.product-type.application";
		};
		F76153D41A6DC2430053F3F9 /* JetstreamTests */ = {
			isa = PBXNativeTarget;
			buildConfigurationList = F76153E21A6DC2430053F3F9 /* Build configuration list for PBXNativeTarget "JetstreamTests" */;
			buildPhases = (
				F76153D11A6DC2430053F3F9 /* Sources */,
				F76153D21A6DC2430053F3F9 /* Frameworks */,
				F76153D31A6DC2430053F3F9 /* Resources */,
			);
			buildRules = (
			);
			dependencies = (
			);
			name = JetstreamTests;
			productName = JetstreamTests;
			productReference = F76153D51A6DC2430053F3F9 /* JetstreamTests.xctest */;
			productType = "com.apple.product-type.bundle.unit-test";
		};
/* End PBXNativeTarget section */

/* Begin PBXProject section */
		F76153B81A6DC2430053F3F9 /* Project object */ = {
			isa = PBXProject;
			attributes = {
				LastSwiftMigration = 0700;
				LastSwiftUpdateCheck = 0700;
				LastUpgradeCheck = 0800;
				ORGANIZATIONNAME = "Andrew Shepard";
				TargetAttributes = {
					F76153BF1A6DC2430053F3F9 = {
						CreatedOnToolsVersion = 6.2;
						LastSwiftMigration = 0800;
					};
					F76153D41A6DC2430053F3F9 = {
						CreatedOnToolsVersion = 6.2;
						LastSwiftMigration = 0800;
						TestTargetID = F76153BF1A6DC2430053F3F9;
					};
				};
			};
			buildConfigurationList = F76153BB1A6DC2430053F3F9 /* Build configuration list for PBXProject "Jetstream" */;
			compatibilityVersion = "Xcode 8.0";
			developmentRegion = English;
			hasScannedForEncodings = 0;
			knownRegions = (
				en,
				Base,
			);
			mainGroup = F76153B71A6DC2430053F3F9;
			productRefGroup = F76153C11A6DC2430053F3F9 /* Products */;
			projectDirPath = "";
			projectRoot = "";
			targets = (
				F76153BF1A6DC2430053F3F9 /* Jetstream */,
				F76153D41A6DC2430053F3F9 /* JetstreamTests */,
			);
		};
/* End PBXProject section */

/* Begin PBXResourcesBuildPhase section */
		F76153BE1A6DC2430053F3F9 /* Resources */ = {
			isa = PBXResourcesBuildPhase;
			buildActionMask = 2147483647;
			files = (
				F76153CB1A6DC2430053F3F9 /* Main.storyboard in Resources */,
				F718DA831A71D390007E0187 /* ForecastTableViewCell.xib in Resources */,
				F79D9A941A6F388B004B4F59 /* weathericons-regular-webfont.ttf in Resources */,
				F74AE70F1A6EFDB5002025FD /* ConditionsHeaderView.xib in Resources */,
				F76153D01A6DC2430053F3F9 /* LaunchScreen.xib in Resources */,
				F76153CD1A6DC2430053F3F9 /* Images.xcassets in Resources */,
			);
			runOnlyForDeploymentPostprocessing = 0;
		};
		F76153D31A6DC2430053F3F9 /* Resources */ = {
			isa = PBXResourcesBuildPhase;
			buildActionMask = 2147483647;
			files = (
			);
			runOnlyForDeploymentPostprocessing = 0;
		};
/* End PBXResourcesBuildPhase section */

/* Begin PBXSourcesBuildPhase section */
		F76153BC1A6DC2430053F3F9 /* Sources */ = {
			isa = PBXSourcesBuildPhase;
			buildActionMask = 2147483647;
			files = (
				F71DED301A96B0E0008042C0 /* ForecastAPI.swift in Sources */,
				F74AE70D1A6EFD71002025FD /* ConditionsHeaderView.swift in Sources */,
				F76153C81A6DC2430053F3F9 /* ViewController.swift in Sources */,
				F7EB06C31A97AA3B00973A85 /* Weather.swift in Sources */,
				F7756E431A71D66100F0B56C /* ForecastViewModel.swift in Sources */,
				F74AE70A1A6EFA33002025FD /* ForecastsDataSource.swift in Sources */,
				F7756E451A71D6BA00F0B56C /* String+WeatherIcons.swift in Sources */,
				F76153EC1A6DC3850053F3F9 /* NSData+JSON.swift in Sources */,
				F7B25A6D1D0E67EB00975175 /* JSON.swift in Sources */,
				F76153C61A6DC2430053F3F9 /* AppDelegate.swift in Sources */,
				F718DA821A71D390007E0187 /* ForecastTableViewCell.swift in Sources */,
				F76153E61A6DC26F0053F3F9 /* NetworkController.swift in Sources */,
				F7C3D3351A97909700BE0F0D /* Conditions.swift in Sources */,
				F727533F1A70BD2A0070CCB7 /* WeatherModel.swift in Sources */,
				F727533C1A7040D80070CCB7 /* LocationTracker.swift in Sources */,
				F76153EE1A6DC5940053F3F9 /* Result.swift in Sources */,
				F727533A1A702CC80070CCB7 /* WeatherViewModel.swift in Sources */,
				F7FB02851D0F2A4700DA45B5 /* Identifiable.swift in Sources */,
				F76153EA1A6DC3590053F3F9 /* Forecast.swift in Sources */,
				F7A2EB771D0D39EE005774EA /* NetworkError.swift in Sources */,
			);
			runOnlyForDeploymentPostprocessing = 0;
		};
		F76153D11A6DC2430053F3F9 /* Sources */ = {
			isa = PBXSourcesBuildPhase;
			buildActionMask = 2147483647;
			files = (
				F7B341AA1D0DAF9B00744D4F /* FailingURLProtocol.swift in Sources */,
				F7B341A81D0DAF9B00744D4F /* BadResponseURLProtocol.swift in Sources */,
				F7B341AB1D0DAF9B00744D4F /* LocalURLProtocol.swift in Sources */,
				F7B341AC1D0DAF9B00744D4F /* NSURLSessionConfiguration+Protocols.swift in Sources */,
				F7B341AF1D0DB0E000744D4F /* NetworkControllerTests.swift in Sources */,
				F7B341A91D0DAF9B00744D4F /* BadStatusURLProtocol.swift in Sources */,
				F789F7981A8C549D0028014F /* ForecastViewModelTests.swift in Sources */,
			);
			runOnlyForDeploymentPostprocessing = 0;
		};
/* End PBXSourcesBuildPhase section */

/* Begin PBXVariantGroup section */
		F76153C91A6DC2430053F3F9 /* Main.storyboard */ = {
			isa = PBXVariantGroup;
			children = (
				F76153CA1A6DC2430053F3F9 /* Base */,
			);
			name = Main.storyboard;
			sourceTree = "<group>";
		};
		F76153CE1A6DC2430053F3F9 /* LaunchScreen.xib */ = {
			isa = PBXVariantGroup;
			children = (
				F76153CF1A6DC2430053F3F9 /* Base */,
			);
			name = LaunchScreen.xib;
			sourceTree = "<group>";
		};
/* End PBXVariantGroup section */

/* Begin XCBuildConfiguration section */
		F76153DD1A6DC2430053F3F9 /* Debug */ = {
			isa = XCBuildConfiguration;
			buildSettings = {
				ALWAYS_SEARCH_USER_PATHS = NO;
				CLANG_CXX_LANGUAGE_STANDARD = "gnu++0x";
				CLANG_CXX_LIBRARY = "libc++";
				CLANG_ENABLE_MODULES = YES;
				CLANG_ENABLE_OBJC_ARC = YES;
				CLANG_WARN_BOOL_CONVERSION = YES;
				CLANG_WARN_CONSTANT_CONVERSION = YES;
				CLANG_WARN_DIRECT_OBJC_ISA_USAGE = YES_ERROR;
				CLANG_WARN_EMPTY_BODY = YES;
				CLANG_WARN_ENUM_CONVERSION = YES;
				CLANG_WARN_INT_CONVERSION = YES;
				CLANG_WARN_OBJC_ROOT_CLASS = YES_ERROR;
				CLANG_WARN_UNREACHABLE_CODE = YES;
				CLANG_WARN__DUPLICATE_METHOD_MATCH = YES;
				"CODE_SIGN_IDENTITY[sdk=iphoneos*]" = "iPhone Developer";
				COPY_PHASE_STRIP = NO;
				ENABLE_STRICT_OBJC_MSGSEND = YES;
				ENABLE_TESTABILITY = YES;
				GCC_C_LANGUAGE_STANDARD = gnu99;
				GCC_DYNAMIC_NO_PIC = NO;
				GCC_NO_COMMON_BLOCKS = YES;
				GCC_OPTIMIZATION_LEVEL = 0;
				GCC_PREPROCESSOR_DEFINITIONS = (
					"DEBUG=1",
					"$(inherited)",
				);
				GCC_SYMBOLS_PRIVATE_EXTERN = NO;
				GCC_WARN_64_TO_32_BIT_CONVERSION = YES;
				GCC_WARN_ABOUT_RETURN_TYPE = YES_ERROR;
				GCC_WARN_UNDECLARED_SELECTOR = YES;
				GCC_WARN_UNINITIALIZED_AUTOS = YES_AGGRESSIVE;
				GCC_WARN_UNUSED_FUNCTION = YES;
				GCC_WARN_UNUSED_VARIABLE = YES;
				IPHONEOS_DEPLOYMENT_TARGET = 9.3;
				MTL_ENABLE_DEBUG_INFO = YES;
				ONLY_ACTIVE_ARCH = YES;
				SDKROOT = iphoneos;
				SWIFT_OPTIMIZATION_LEVEL = "-Onone";
			};
			name = Debug;
		};
		F76153DE1A6DC2430053F3F9 /* Release */ = {
			isa = XCBuildConfiguration;
			buildSettings = {
				ALWAYS_SEARCH_USER_PATHS = NO;
				CLANG_CXX_LANGUAGE_STANDARD = "gnu++0x";
				CLANG_CXX_LIBRARY = "libc++";
				CLANG_ENABLE_MODULES = YES;
				CLANG_ENABLE_OBJC_ARC = YES;
				CLANG_WARN_BOOL_CONVERSION = YES;
				CLANG_WARN_CONSTANT_CONVERSION = YES;
				CLANG_WARN_DIRECT_OBJC_ISA_USAGE = YES_ERROR;
				CLANG_WARN_EMPTY_BODY = YES;
				CLANG_WARN_ENUM_CONVERSION = YES;
				CLANG_WARN_INT_CONVERSION = YES;
				CLANG_WARN_OBJC_ROOT_CLASS = YES_ERROR;
				CLANG_WARN_UNREACHABLE_CODE = YES;
				CLANG_WARN__DUPLICATE_METHOD_MATCH = YES;
				"CODE_SIGN_IDENTITY[sdk=iphoneos*]" = "iPhone Developer";
				COPY_PHASE_STRIP = YES;
				ENABLE_NS_ASSERTIONS = NO;
				ENABLE_STRICT_OBJC_MSGSEND = YES;
				GCC_C_LANGUAGE_STANDARD = gnu99;
				GCC_NO_COMMON_BLOCKS = YES;
				GCC_WARN_64_TO_32_BIT_CONVERSION = YES;
				GCC_WARN_ABOUT_RETURN_TYPE = YES_ERROR;
				GCC_WARN_UNDECLARED_SELECTOR = YES;
				GCC_WARN_UNINITIALIZED_AUTOS = YES_AGGRESSIVE;
				GCC_WARN_UNUSED_FUNCTION = YES;
				GCC_WARN_UNUSED_VARIABLE = YES;
				IPHONEOS_DEPLOYMENT_TARGET = 9.3;
				MTL_ENABLE_DEBUG_INFO = NO;
				SDKROOT = iphoneos;
				VALIDATE_PRODUCT = YES;
			};
			name = Release;
		};
		F76153E01A6DC2430053F3F9 /* Debug */ = {
			isa = XCBuildConfiguration;
			buildSettings = {
				ASSETCATALOG_COMPILER_APPICON_NAME = AppIcon;
				INFOPLIST_FILE = Jetstream/Info.plist;
				LD_RUNPATH_SEARCH_PATHS = "$(inherited) @executable_path/Frameworks";
				PRODUCT_BUNDLE_IDENTIFIER = "org.andyshep.$(PRODUCT_NAME:rfc1034identifier)";
				PRODUCT_NAME = "$(TARGET_NAME)";
				SWIFT_VERSION = 3.0;
				TARGETED_DEVICE_FAMILY = 1;
			};
			name = Debug;
		};
		F76153E11A6DC2430053F3F9 /* Release */ = {
			isa = XCBuildConfiguration;
			buildSettings = {
				ASSETCATALOG_COMPILER_APPICON_NAME = AppIcon;
				INFOPLIST_FILE = Jetstream/Info.plist;
				LD_RUNPATH_SEARCH_PATHS = "$(inherited) @executable_path/Frameworks";
				PRODUCT_BUNDLE_IDENTIFIER = "org.andyshep.$(PRODUCT_NAME:rfc1034identifier)";
				PRODUCT_NAME = "$(TARGET_NAME)";
				SWIFT_OPTIMIZATION_LEVEL = "-Owholemodule";
				SWIFT_VERSION = 3.0;
				TARGETED_DEVICE_FAMILY = 1;
			};
			name = Release;
		};
		F76153E31A6DC2430053F3F9 /* Debug */ = {
			isa = XCBuildConfiguration;
			buildSettings = {
				BUNDLE_LOADER = "$(TEST_HOST)";
				FRAMEWORK_SEARCH_PATHS = (
					"$(SDKROOT)/Developer/Library/Frameworks",
					"$(inherited)",
				);
				GCC_PREPROCESSOR_DEFINITIONS = (
					"DEBUG=1",
					"$(inherited)",
				);
				INFOPLIST_FILE = JetstreamTests/Info.plist;
				LD_RUNPATH_SEARCH_PATHS = "$(inherited) @executable_path/Frameworks @loader_path/Frameworks";
				PRODUCT_BUNDLE_IDENTIFIER = "org.andyshep.$(PRODUCT_NAME:rfc1034identifier)";
				PRODUCT_NAME = "$(TARGET_NAME)";
				SWIFT_VERSION = 3.0;
				TEST_HOST = "$(BUILT_PRODUCTS_DIR)/Jetstream.app/Jetstream";
			};
			name = Debug;
		};
		F76153E41A6DC2430053F3F9 /* Release */ = {
			isa = XCBuildConfiguration;
			buildSettings = {
				BUNDLE_LOADER = "$(TEST_HOST)";
				FRAMEWORK_SEARCH_PATHS = (
					"$(SDKROOT)/Developer/Library/Frameworks",
					"$(inherited)",
				);
				INFOPLIST_FILE = JetstreamTests/Info.plist;
				LD_RUNPATH_SEARCH_PATHS = "$(inherited) @executable_path/Frameworks @loader_path/Frameworks";
				PRODUCT_BUNDLE_IDENTIFIER = "org.andyshep.$(PRODUCT_NAME:rfc1034identifier)";
				PRODUCT_NAME = "$(TARGET_NAME)";
				SWIFT_OPTIMIZATION_LEVEL = "-Owholemodule";
				SWIFT_VERSION = 3.0;
				TEST_HOST = "$(BUILT_PRODUCTS_DIR)/Jetstream.app/Jetstream";
			};
			name = Release;
		};
/* End XCBuildConfiguration section */

/* Begin XCConfigurationList section */
		F76153BB1A6DC2430053F3F9 /* Build configuration list for PBXProject "Jetstream" */ = {
			isa = XCConfigurationList;
			buildConfigurations = (
				F76153DD1A6DC2430053F3F9 /* Debug */,
				F76153DE1A6DC2430053F3F9 /* Release */,
			);
			defaultConfigurationIsVisible = 0;
			defaultConfigurationName = Release;
		};
		F76153DF1A6DC2430053F3F9 /* Build configuration list for PBXNativeTarget "Jetstream" */ = {
			isa = XCConfigurationList;
			buildConfigurations = (
				F76153E01A6DC2430053F3F9 /* Debug */,
				F76153E11A6DC2430053F3F9 /* Release */,
			);
			defaultConfigurationIsVisible = 0;
			defaultConfigurationName = Release;
		};
		F76153E21A6DC2430053F3F9 /* Build configuration list for PBXNativeTarget "JetstreamTests" */ = {
			isa = XCConfigurationList;
			buildConfigurations = (
				F76153E31A6DC2430053F3F9 /* Debug */,
				F76153E41A6DC2430053F3F9 /* Release */,
			);
			defaultConfigurationIsVisible = 0;
			defaultConfigurationName = Release;
		};
/* End XCConfigurationList section */
	};
	rootObject = F76153B81A6DC2430053F3F9 /* Project object */;
}
