// !$*UTF8*$!
{
	archiveVersion = 1;
	classes = {
	};
	objectVersion = 48;
	objects = {

/* Begin PBXBuildFile section */
		F7074DB81DE2869F0080595F /* CoreDataController.swift in Sources */ = {isa = PBXBuildFile; fileRef = F7074DB71DE2869F0080595F /* CoreDataController.swift */; };
		F74E7A3E1EFD70870024F051 /* weathericons-regular-webfont.ttf in Resources */ = {isa = PBXBuildFile; fileRef = F74E7A3D1EFD70870024F051 /* weathericons-regular-webfont.ttf */; };
		F762FCAF1EF0C65B002A1FF4 /* LaunchScreen.xib in Resources */ = {isa = PBXBuildFile; fileRef = F7EE4BD81EF0C56700D81389 /* LaunchScreen.xib */; };
		F76B5DF11EFAAE3C009C0D92 /* ConditionsViewModel.swift in Sources */ = {isa = PBXBuildFile; fileRef = F76B5DEE1EFAAE3C009C0D92 /* ConditionsViewModel.swift */; };
		F76B5DF21EFAAE3C009C0D92 /* DataPointsViewModel.swift in Sources */ = {isa = PBXBuildFile; fileRef = F76B5DEF1EFAAE3C009C0D92 /* DataPointsViewModel.swift */; };
		F76B5DF31EFAAE3C009C0D92 /* ForecastViewModel.swift in Sources */ = {isa = PBXBuildFile; fileRef = F76B5DF01EFAAE3C009C0D92 /* ForecastViewModel.swift */; };
		F76B5DFB1EFAAE5A009C0D92 /* Conditions+JSON.swift in Sources */ = {isa = PBXBuildFile; fileRef = F76B5DF41EFAAE5A009C0D92 /* Conditions+JSON.swift */; };
		F76B5DFC1EFAAE5A009C0D92 /* Forecast+JSON.swift in Sources */ = {isa = PBXBuildFile; fileRef = F76B5DF51EFAAE5A009C0D92 /* Forecast+JSON.swift */; };
		F76B5DFD1EFAAE5A009C0D92 /* Jetstream.xcdatamodeld in Sources */ = {isa = PBXBuildFile; fileRef = F76B5DF61EFAAE5A009C0D92 /* Jetstream.xcdatamodeld */; };
		F76B5DFE1EFAAE5A009C0D92 /* Weather+JSON.swift in Sources */ = {isa = PBXBuildFile; fileRef = F76B5DF81EFAAE5A009C0D92 /* Weather+JSON.swift */; };
		F76B5DFF1EFAAE5A009C0D92 /* Weather+Location.swift in Sources */ = {isa = PBXBuildFile; fileRef = F76B5DF91EFAAE5A009C0D92 /* Weather+Location.swift */; };
		F76B5E001EFAAE5A009C0D92 /* WeatherModel.swift in Sources */ = {isa = PBXBuildFile; fileRef = F76B5DFA1EFAAE5A009C0D92 /* WeatherModel.swift */; };
		F76B5E1D1EFAAF12009C0D92 /* Identifiable.swift in Sources */ = {isa = PBXBuildFile; fileRef = F76B5E151EFAAF12009C0D92 /* Identifiable.swift */; };
		F76B5E1E1EFAAF12009C0D92 /* JSON.swift in Sources */ = {isa = PBXBuildFile; fileRef = F76B5E161EFAAF12009C0D92 /* JSON.swift */; };
		F76B5E1F1EFAAF12009C0D92 /* NetworkError.swift in Sources */ = {isa = PBXBuildFile; fileRef = F76B5E171EFAAF12009C0D92 /* NetworkError.swift */; };
		F76B5E201EFAAF12009C0D92 /* NSData+JSON.swift in Sources */ = {isa = PBXBuildFile; fileRef = F76B5E181EFAAF12009C0D92 /* NSData+JSON.swift */; };
		F76B5E211EFAAF12009C0D92 /* NSURL+Directories.swift in Sources */ = {isa = PBXBuildFile; fileRef = F76B5E191EFAAF12009C0D92 /* NSURL+Directories.swift */; };
		F76B5E221EFAAF12009C0D92 /* Observable.swift in Sources */ = {isa = PBXBuildFile; fileRef = F76B5E1A1EFAAF12009C0D92 /* Observable.swift */; };
		F76B5E231EFAAF12009C0D92 /* Result.swift in Sources */ = {isa = PBXBuildFile; fileRef = F76B5E1B1EFAAF12009C0D92 /* Result.swift */; };
		F76B5E241EFAAF12009C0D92 /* UIColor+HexColors.swift in Sources */ = {isa = PBXBuildFile; fileRef = F76B5E1C1EFAAF12009C0D92 /* UIColor+HexColors.swift */; };
		F76B5E271EFAAF1C009C0D92 /* LocationTracker.swift in Sources */ = {isa = PBXBuildFile; fileRef = F76B5E251EFAAF1C009C0D92 /* LocationTracker.swift */; };
		F76B5E281EFAAF1C009C0D92 /* NetworkController.swift in Sources */ = {isa = PBXBuildFile; fileRef = F76B5E261EFAAF1C009C0D92 /* NetworkController.swift */; };
		F76B5E2E1EFAAFD3009C0D92 /* HeaderViewController.swift in Sources */ = {isa = PBXBuildFile; fileRef = F76B5E2A1EFAAFD3009C0D92 /* HeaderViewController.swift */; };
		F76B5E2F1EFAAFD3009C0D92 /* HourlyForecastViewController.swift in Sources */ = {isa = PBXBuildFile; fileRef = F76B5E2B1EFAAFD3009C0D92 /* HourlyForecastViewController.swift */; };
		F76B5E301EFAAFD3009C0D92 /* TemperatureViewController.swift in Sources */ = {isa = PBXBuildFile; fileRef = F76B5E2C1EFAAFD3009C0D92 /* TemperatureViewController.swift */; };
		F76B5E311EFAAFD3009C0D92 /* ViewController.swift in Sources */ = {isa = PBXBuildFile; fileRef = F76B5E2D1EFAAFD3009C0D92 /* ViewController.swift */; };
		F76B5E3C1EFAAFE6009C0D92 /* DataPointsView.swift in Sources */ = {isa = PBXBuildFile; fileRef = F76B5E331EFAAFE6009C0D92 /* DataPointsView.swift */; };
		F76B5E3D1EFAAFE6009C0D92 /* DayForecastView.swift in Sources */ = {isa = PBXBuildFile; fileRef = F76B5E341EFAAFE6009C0D92 /* DayForecastView.swift */; };
		F76B5E3E1EFAAFE6009C0D92 /* DetailsView.swift in Sources */ = {isa = PBXBuildFile; fileRef = F76B5E351EFAAFE6009C0D92 /* DetailsView.swift */; };
		F76B5E3F1EFAAFE6009C0D92 /* HourlyCollectionViewCell.swift in Sources */ = {isa = PBXBuildFile; fileRef = F76B5E361EFAAFE6009C0D92 /* HourlyCollectionViewCell.swift */; };
		F76B5E401EFAAFE6009C0D92 /* SizeConstants.swift in Sources */ = {isa = PBXBuildFile; fileRef = F76B5E371EFAAFE6009C0D92 /* SizeConstants.swift */; };
		F76B5E411EFAAFE6009C0D92 /* Styles.swift in Sources */ = {isa = PBXBuildFile; fileRef = F76B5E381EFAAFE6009C0D92 /* Styles.swift */; };
		F76B5E421EFAAFE6009C0D92 /* SummaryView.swift in Sources */ = {isa = PBXBuildFile; fileRef = F76B5E391EFAAFE6009C0D92 /* SummaryView.swift */; };
		F76B5E431EFAAFE6009C0D92 /* WeatherSceneView.swift in Sources */ = {isa = PBXBuildFile; fileRef = F76B5E3A1EFAAFE6009C0D92 /* WeatherSceneView.swift */; };
		F76B5E441EFAAFE6009C0D92 /* WeeklyForecastView.swift in Sources */ = {isa = PBXBuildFile; fileRef = F76B5E3B1EFAAFE6009C0D92 /* WeeklyForecastView.swift */; };
		F76B5E481EFAAFF0009C0D92 /* UIColor+HexColors.swift in Sources */ = {isa = PBXBuildFile; fileRef = F76B5E461EFAAFF0009C0D92 /* UIColor+HexColors.swift */; };
		F76B5E491EFAAFF0009C0D92 /* UIStackView+Remove.swift in Sources */ = {isa = PBXBuildFile; fileRef = F76B5E471EFAAFF0009C0D92 /* UIStackView+Remove.swift */; };
		F76B5E4E1EFAAFFD009C0D92 /* Cloud1.scnp in Resources */ = {isa = PBXBuildFile; fileRef = F76B5E4B1EFAAFFD009C0D92 /* Cloud1.scnp */; };
		F76B5E4F1EFAAFFD009C0D92 /* Cloud6.scnp in Resources */ = {isa = PBXBuildFile; fileRef = F76B5E4C1EFAAFFD009C0D92 /* Cloud6.scnp */; };
		F76B5E501EFAAFFD009C0D92 /* Cloud7.scnp in Resources */ = {isa = PBXBuildFile; fileRef = F76B5E4D1EFAAFFD009C0D92 /* Cloud7.scnp */; };
		F77EDFF61EF40F3E0011EEF2 /* Images.xcassets in Resources */ = {isa = PBXBuildFile; fileRef = F7EE4BA41EF0C38D00D81389 /* Images.xcassets */; };
		F77EDFFA1EF40FD00011EEF2 /* Particles.scnassets in Resources */ = {isa = PBXBuildFile; fileRef = F77EDFF91EF40FD00011EEF2 /* Particles.scnassets */; };
		F79397EC1DEF58C400C5B14B /* Defaults.swift in Sources */ = {isa = PBXBuildFile; fileRef = F79397EB1DEF58C400C5B14B /* Defaults.swift */; };
		F7ABE2751DADE1B6005B3C70 /* JetstreamKit.h in Headers */ = {isa = PBXBuildFile; fileRef = F7ABE2731DADE1B6005B3C70 /* JetstreamKit.h */; settings = {ATTRIBUTES = (Public, ); }; };
		F7ABE28B1DADE277005B3C70 /* DarkSkyAPI.swift in Sources */ = {isa = PBXBuildFile; fileRef = F7ABE2811DADE277005B3C70 /* DarkSkyAPI.swift */; };
		F7ABE2911DADE277005B3C70 /* String+WeatherIcons.swift in Sources */ = {isa = PBXBuildFile; fileRef = F7ABE2871DADE277005B3C70 /* String+WeatherIcons.swift */; };
		F7CB72EF1F0452E5005D1C4D /* JetstreamKit.framework in Frameworks */ = {isa = PBXBuildFile; fileRef = F7ABE2711DADE1B6005B3C70 /* JetstreamKit.framework */; };
		F7CB72FC1F045309005D1C4D /* BadResponseURLProtocol.swift in Sources */ = {isa = PBXBuildFile; fileRef = F7CB72F51F045309005D1C4D /* BadResponseURLProtocol.swift */; };
		F7CB72FD1F045309005D1C4D /* BadStatusURLProtocol.swift in Sources */ = {isa = PBXBuildFile; fileRef = F7CB72F61F045309005D1C4D /* BadStatusURLProtocol.swift */; };
		F7CB72FE1F045309005D1C4D /* FailingURLProtocol.swift in Sources */ = {isa = PBXBuildFile; fileRef = F7CB72F71F045309005D1C4D /* FailingURLProtocol.swift */; };
		F7CB73001F045309005D1C4D /* LocalURLProtocol.swift in Sources */ = {isa = PBXBuildFile; fileRef = F7CB72F91F045309005D1C4D /* LocalURLProtocol.swift */; };
		F7CB73011F045309005D1C4D /* NetworkControllerTests.swift in Sources */ = {isa = PBXBuildFile; fileRef = F7CB72FA1F045309005D1C4D /* NetworkControllerTests.swift */; };
		F7CB73021F045309005D1C4D /* NSURLSessionConfiguration+Protocols.swift in Sources */ = {isa = PBXBuildFile; fileRef = F7CB72FB1F045309005D1C4D /* NSURLSessionConfiguration+Protocols.swift */; };
		F7DC5FF71E4E234E00AF128D /* JetstreamKit.framework in Frameworks */ = {isa = PBXBuildFile; fileRef = F7ABE2711DADE1B6005B3C70 /* JetstreamKit.framework */; };
		F7DC5FF81E4E234E00AF128D /* JetstreamKit.framework in Embed Frameworks */ = {isa = PBXBuildFile; fileRef = F7ABE2711DADE1B6005B3C70 /* JetstreamKit.framework */; settings = {ATTRIBUTES = (CodeSignOnCopy, RemoveHeadersOnCopy, ); }; };
		F7EE4BAE1EF0C3A000D81389 /* AppDelegate.swift in Sources */ = {isa = PBXBuildFile; fileRef = F7EE4B971EF0C38D00D81389 /* AppDelegate.swift */; };
		F7EE4BBB1EF0C3D300D81389 /* Settings.bundle in Resources */ = {isa = PBXBuildFile; fileRef = F7EE4BA61EF0C38D00D81389 /* Settings.bundle */; };
/* End PBXBuildFile section */

/* Begin PBXContainerItemProxy section */
		F7CB72F01F0452E5005D1C4D /* PBXContainerItemProxy */ = {
			isa = PBXContainerItemProxy;
			containerPortal = F76153B81A6DC2430053F3F9 /* Project object */;
			proxyType = 1;
			remoteGlobalIDString = F7ABE2701DADE1B6005B3C70;
			remoteInfo = JetstreamKit;
		};
		F7DC5FF91E4E234E00AF128D /* PBXContainerItemProxy */ = {
			isa = PBXContainerItemProxy;
			containerPortal = F76153B81A6DC2430053F3F9 /* Project object */;
			proxyType = 1;
			remoteGlobalIDString = F7ABE2701DADE1B6005B3C70;
			remoteInfo = JetstreamKit;
		};
/* End PBXContainerItemProxy section */

/* Begin PBXCopyFilesBuildPhase section */
		F7D8135C1DDEBA4F009756DC /* Embed App Extensions */ = {
			isa = PBXCopyFilesBuildPhase;
			buildActionMask = 2147483647;
			dstPath = "";
			dstSubfolderSpec = 13;
			files = (
			);
			name = "Embed App Extensions";
			runOnlyForDeploymentPostprocessing = 0;
		};
		F7DC5FFB1E4E234E00AF128D /* Embed Frameworks */ = {
			isa = PBXCopyFilesBuildPhase;
			buildActionMask = 2147483647;
			dstPath = "";
			dstSubfolderSpec = 10;
			files = (
				F7DC5FF81E4E234E00AF128D /* JetstreamKit.framework in Embed Frameworks */,
			);
			name = "Embed Frameworks";
			runOnlyForDeploymentPostprocessing = 0;
		};
/* End PBXCopyFilesBuildPhase section */

/* Begin PBXFileReference section */
		F7074DB71DE2869F0080595F /* CoreDataController.swift */ = {isa = PBXFileReference; fileEncoding = 4; lastKnownFileType = sourcecode.swift; path = CoreDataController.swift; sourceTree = "<group>"; };
		F7371F281EF2C61200554D4E /* SceneKit.framework */ = {isa = PBXFileReference; lastKnownFileType = wrapper.framework; name = SceneKit.framework; path = System/Library/Frameworks/SceneKit.framework; sourceTree = SDKROOT; };
		F74E7A3D1EFD70870024F051 /* weathericons-regular-webfont.ttf */ = {isa = PBXFileReference; lastKnownFileType = file; path = "weathericons-regular-webfont.ttf"; sourceTree = "<group>"; };
		F76153C01A6DC2430053F3F9 /* Jetstream.app */ = {isa = PBXFileReference; explicitFileType = wrapper.application; includeInIndex = 0; path = Jetstream.app; sourceTree = BUILT_PRODUCTS_DIR; };
		F76B5DEE1EFAAE3C009C0D92 /* ConditionsViewModel.swift */ = {isa = PBXFileReference; fileEncoding = 4; lastKnownFileType = sourcecode.swift; name = ConditionsViewModel.swift; path = ViewModel/ConditionsViewModel.swift; sourceTree = "<group>"; };
		F76B5DEF1EFAAE3C009C0D92 /* DataPointsViewModel.swift */ = {isa = PBXFileReference; fileEncoding = 4; lastKnownFileType = sourcecode.swift; name = DataPointsViewModel.swift; path = ViewModel/DataPointsViewModel.swift; sourceTree = "<group>"; };
		F76B5DF01EFAAE3C009C0D92 /* ForecastViewModel.swift */ = {isa = PBXFileReference; fileEncoding = 4; lastKnownFileType = sourcecode.swift; name = ForecastViewModel.swift; path = ViewModel/ForecastViewModel.swift; sourceTree = "<group>"; };
		F76B5DF41EFAAE5A009C0D92 /* Conditions+JSON.swift */ = {isa = PBXFileReference; fileEncoding = 4; lastKnownFileType = sourcecode.swift; name = "Conditions+JSON.swift"; path = "Model/Conditions+JSON.swift"; sourceTree = "<group>"; };
		F76B5DF51EFAAE5A009C0D92 /* Forecast+JSON.swift */ = {isa = PBXFileReference; fileEncoding = 4; lastKnownFileType = sourcecode.swift; name = "Forecast+JSON.swift"; path = "Model/Forecast+JSON.swift"; sourceTree = "<group>"; };
		F76B5DF71EFAAE5A009C0D92 /* Jetstream.xcdatamodel */ = {isa = PBXFileReference; lastKnownFileType = wrapper.xcdatamodel; path = Jetstream.xcdatamodel; sourceTree = "<group>"; };
		F76B5DF81EFAAE5A009C0D92 /* Weather+JSON.swift */ = {isa = PBXFileReference; fileEncoding = 4; lastKnownFileType = sourcecode.swift; name = "Weather+JSON.swift"; path = "Model/Weather+JSON.swift"; sourceTree = "<group>"; };
		F76B5DF91EFAAE5A009C0D92 /* Weather+Location.swift */ = {isa = PBXFileReference; fileEncoding = 4; lastKnownFileType = sourcecode.swift; name = "Weather+Location.swift"; path = "Model/Weather+Location.swift"; sourceTree = "<group>"; };
		F76B5DFA1EFAAE5A009C0D92 /* WeatherModel.swift */ = {isa = PBXFileReference; fileEncoding = 4; lastKnownFileType = sourcecode.swift; name = WeatherModel.swift; path = Model/WeatherModel.swift; sourceTree = "<group>"; };
		F76B5E151EFAAF12009C0D92 /* Identifiable.swift */ = {isa = PBXFileReference; fileEncoding = 4; lastKnownFileType = sourcecode.swift; name = Identifiable.swift; path = "Types & Extensions/Identifiable.swift"; sourceTree = "<group>"; };
		F76B5E161EFAAF12009C0D92 /* JSON.swift */ = {isa = PBXFileReference; fileEncoding = 4; lastKnownFileType = sourcecode.swift; name = JSON.swift; path = "Types & Extensions/JSON.swift"; sourceTree = "<group>"; };
		F76B5E171EFAAF12009C0D92 /* NetworkError.swift */ = {isa = PBXFileReference; fileEncoding = 4; lastKnownFileType = sourcecode.swift; name = NetworkError.swift; path = "Types & Extensions/NetworkError.swift"; sourceTree = "<group>"; };
		F76B5E181EFAAF12009C0D92 /* NSData+JSON.swift */ = {isa = PBXFileReference; fileEncoding = 4; lastKnownFileType = sourcecode.swift; name = "NSData+JSON.swift"; path = "Types & Extensions/NSData+JSON.swift"; sourceTree = "<group>"; };
		F76B5E191EFAAF12009C0D92 /* NSURL+Directories.swift */ = {isa = PBXFileReference; fileEncoding = 4; lastKnownFileType = sourcecode.swift; name = "NSURL+Directories.swift"; path = "Types & Extensions/NSURL+Directories.swift"; sourceTree = "<group>"; };
		F76B5E1A1EFAAF12009C0D92 /* Observable.swift */ = {isa = PBXFileReference; fileEncoding = 4; lastKnownFileType = sourcecode.swift; name = Observable.swift; path = "Types & Extensions/Observable.swift"; sourceTree = "<group>"; };
		F76B5E1B1EFAAF12009C0D92 /* Result.swift */ = {isa = PBXFileReference; fileEncoding = 4; lastKnownFileType = sourcecode.swift; name = Result.swift; path = "Types & Extensions/Result.swift"; sourceTree = "<group>"; };
		F76B5E1C1EFAAF12009C0D92 /* UIColor+HexColors.swift */ = {isa = PBXFileReference; fileEncoding = 4; lastKnownFileType = sourcecode.swift; name = "UIColor+HexColors.swift"; path = "Types & Extensions/UIColor+HexColors.swift"; sourceTree = "<group>"; };
		F76B5E251EFAAF1C009C0D92 /* LocationTracker.swift */ = {isa = PBXFileReference; fileEncoding = 4; lastKnownFileType = sourcecode.swift; path = LocationTracker.swift; sourceTree = "<group>"; };
		F76B5E261EFAAF1C009C0D92 /* NetworkController.swift */ = {isa = PBXFileReference; fileEncoding = 4; lastKnownFileType = sourcecode.swift; path = NetworkController.swift; sourceTree = "<group>"; };
		F76B5E2A1EFAAFD3009C0D92 /* HeaderViewController.swift */ = {isa = PBXFileReference; fileEncoding = 4; lastKnownFileType = sourcecode.swift; path = HeaderViewController.swift; sourceTree = "<group>"; };
		F76B5E2B1EFAAFD3009C0D92 /* HourlyForecastViewController.swift */ = {isa = PBXFileReference; fileEncoding = 4; lastKnownFileType = sourcecode.swift; path = HourlyForecastViewController.swift; sourceTree = "<group>"; };
		F76B5E2C1EFAAFD3009C0D92 /* TemperatureViewController.swift */ = {isa = PBXFileReference; fileEncoding = 4; lastKnownFileType = sourcecode.swift; path = TemperatureViewController.swift; sourceTree = "<group>"; };
		F76B5E2D1EFAAFD3009C0D92 /* ViewController.swift */ = {isa = PBXFileReference; fileEncoding = 4; lastKnownFileType = sourcecode.swift; path = ViewController.swift; sourceTree = "<group>"; };
		F76B5E331EFAAFE6009C0D92 /* DataPointsView.swift */ = {isa = PBXFileReference; fileEncoding = 4; lastKnownFileType = sourcecode.swift; path = DataPointsView.swift; sourceTree = "<group>"; };
		F76B5E341EFAAFE6009C0D92 /* DayForecastView.swift */ = {isa = PBXFileReference; fileEncoding = 4; lastKnownFileType = sourcecode.swift; path = DayForecastView.swift; sourceTree = "<group>"; };
		F76B5E351EFAAFE6009C0D92 /* DetailsView.swift */ = {isa = PBXFileReference; fileEncoding = 4; lastKnownFileType = sourcecode.swift; path = DetailsView.swift; sourceTree = "<group>"; };
		F76B5E361EFAAFE6009C0D92 /* HourlyCollectionViewCell.swift */ = {isa = PBXFileReference; fileEncoding = 4; lastKnownFileType = sourcecode.swift; path = HourlyCollectionViewCell.swift; sourceTree = "<group>"; };
		F76B5E371EFAAFE6009C0D92 /* SizeConstants.swift */ = {isa = PBXFileReference; fileEncoding = 4; lastKnownFileType = sourcecode.swift; path = SizeConstants.swift; sourceTree = "<group>"; };
		F76B5E381EFAAFE6009C0D92 /* Styles.swift */ = {isa = PBXFileReference; fileEncoding = 4; lastKnownFileType = sourcecode.swift; path = Styles.swift; sourceTree = "<group>"; };
		F76B5E391EFAAFE6009C0D92 /* SummaryView.swift */ = {isa = PBXFileReference; fileEncoding = 4; lastKnownFileType = sourcecode.swift; path = SummaryView.swift; sourceTree = "<group>"; };
		F76B5E3A1EFAAFE6009C0D92 /* WeatherSceneView.swift */ = {isa = PBXFileReference; fileEncoding = 4; lastKnownFileType = sourcecode.swift; path = WeatherSceneView.swift; sourceTree = "<group>"; };
		F76B5E3B1EFAAFE6009C0D92 /* WeeklyForecastView.swift */ = {isa = PBXFileReference; fileEncoding = 4; lastKnownFileType = sourcecode.swift; path = WeeklyForecastView.swift; sourceTree = "<group>"; };
		F76B5E461EFAAFF0009C0D92 /* UIColor+HexColors.swift */ = {isa = PBXFileReference; fileEncoding = 4; lastKnownFileType = sourcecode.swift; path = "UIColor+HexColors.swift"; sourceTree = "<group>"; };
		F76B5E471EFAAFF0009C0D92 /* UIStackView+Remove.swift */ = {isa = PBXFileReference; fileEncoding = 4; lastKnownFileType = sourcecode.swift; path = "UIStackView+Remove.swift"; sourceTree = "<group>"; };
		F76B5E4B1EFAAFFD009C0D92 /* Cloud1.scnp */ = {isa = PBXFileReference; lastKnownFileType = file.scp; path = Cloud1.scnp; sourceTree = "<group>"; };
		F76B5E4C1EFAAFFD009C0D92 /* Cloud6.scnp */ = {isa = PBXFileReference; lastKnownFileType = file.scp; path = Cloud6.scnp; sourceTree = "<group>"; };
		F76B5E4D1EFAAFFD009C0D92 /* Cloud7.scnp */ = {isa = PBXFileReference; lastKnownFileType = file.scp; path = Cloud7.scnp; sourceTree = "<group>"; };
		F77EDFF91EF40FD00011EEF2 /* Particles.scnassets */ = {isa = PBXFileReference; lastKnownFileType = wrapper.scnassets; path = Particles.scnassets; sourceTree = "<group>"; };
		F79397EB1DEF58C400C5B14B /* Defaults.swift */ = {isa = PBXFileReference; fileEncoding = 4; lastKnownFileType = sourcecode.swift; path = Defaults.swift; sourceTree = "<group>"; };
		F7ABE2711DADE1B6005B3C70 /* JetstreamKit.framework */ = {isa = PBXFileReference; explicitFileType = wrapper.framework; includeInIndex = 0; path = JetstreamKit.framework; sourceTree = BUILT_PRODUCTS_DIR; };
		F7ABE2731DADE1B6005B3C70 /* JetstreamKit.h */ = {isa = PBXFileReference; lastKnownFileType = sourcecode.c.h; path = JetstreamKit.h; sourceTree = "<group>"; };
		F7ABE2741DADE1B6005B3C70 /* Info.plist */ = {isa = PBXFileReference; lastKnownFileType = text.plist.xml; path = Info.plist; sourceTree = "<group>"; };
		F7ABE2811DADE277005B3C70 /* DarkSkyAPI.swift */ = {isa = PBXFileReference; fileEncoding = 4; lastKnownFileType = sourcecode.swift; path = DarkSkyAPI.swift; sourceTree = "<group>"; };
		F7ABE2871DADE277005B3C70 /* String+WeatherIcons.swift */ = {isa = PBXFileReference; fileEncoding = 4; lastKnownFileType = sourcecode.swift; path = "String+WeatherIcons.swift"; sourceTree = "<group>"; };
		F7CB72EA1F0452E4005D1C4D /* JetstreamKitTests.xctest */ = {isa = PBXFileReference; explicitFileType = wrapper.cfbundle; includeInIndex = 0; path = JetstreamKitTests.xctest; sourceTree = BUILT_PRODUCTS_DIR; };
		F7CB72EE1F0452E5005D1C4D /* Info.plist */ = {isa = PBXFileReference; lastKnownFileType = text.plist.xml; path = Info.plist; sourceTree = "<group>"; };
		F7CB72F51F045309005D1C4D /* BadResponseURLProtocol.swift */ = {isa = PBXFileReference; fileEncoding = 4; lastKnownFileType = sourcecode.swift; path = BadResponseURLProtocol.swift; sourceTree = "<group>"; };
		F7CB72F61F045309005D1C4D /* BadStatusURLProtocol.swift */ = {isa = PBXFileReference; fileEncoding = 4; lastKnownFileType = sourcecode.swift; path = BadStatusURLProtocol.swift; sourceTree = "<group>"; };
		F7CB72F71F045309005D1C4D /* FailingURLProtocol.swift */ = {isa = PBXFileReference; fileEncoding = 4; lastKnownFileType = sourcecode.swift; path = FailingURLProtocol.swift; sourceTree = "<group>"; };
		F7CB72F81F045309005D1C4D /* ForecastViewModelTests.swift */ = {isa = PBXFileReference; fileEncoding = 4; lastKnownFileType = sourcecode.swift; path = ForecastViewModelTests.swift; sourceTree = "<group>"; };
		F7CB72F91F045309005D1C4D /* LocalURLProtocol.swift */ = {isa = PBXFileReference; fileEncoding = 4; lastKnownFileType = sourcecode.swift; path = LocalURLProtocol.swift; sourceTree = "<group>"; };
		F7CB72FA1F045309005D1C4D /* NetworkControllerTests.swift */ = {isa = PBXFileReference; fileEncoding = 4; lastKnownFileType = sourcecode.swift; path = NetworkControllerTests.swift; sourceTree = "<group>"; };
		F7CB72FB1F045309005D1C4D /* NSURLSessionConfiguration+Protocols.swift */ = {isa = PBXFileReference; fileEncoding = 4; lastKnownFileType = sourcecode.swift; path = "NSURLSessionConfiguration+Protocols.swift"; sourceTree = "<group>"; };
		F7EE4B971EF0C38D00D81389 /* AppDelegate.swift */ = {isa = PBXFileReference; lastKnownFileType = sourcecode.swift; path = AppDelegate.swift; sourceTree = "<group>"; };
		F7EE4BA41EF0C38D00D81389 /* Images.xcassets */ = {isa = PBXFileReference; lastKnownFileType = folder.assetcatalog; path = Images.xcassets; sourceTree = "<group>"; };
		F7EE4BA51EF0C38D00D81389 /* Info.plist */ = {isa = PBXFileReference; lastKnownFileType = text.plist.xml; path = Info.plist; sourceTree = "<group>"; };
		F7EE4BA61EF0C38D00D81389 /* Settings.bundle */ = {isa = PBXFileReference; lastKnownFileType = "wrapper.plug-in"; path = Settings.bundle; sourceTree = "<group>"; };
		F7EE4BD91EF0C56700D81389 /* Base */ = {isa = PBXFileReference; lastKnownFileType = file.xib; name = Base; path = Base.lproj/LaunchScreen.xib; sourceTree = "<group>"; };
/* End PBXFileReference section */

/* Begin PBXFrameworksBuildPhase section */
		F76153BD1A6DC2430053F3F9 /* Frameworks */ = {
			isa = PBXFrameworksBuildPhase;
			buildActionMask = 2147483647;
			files = (
				F7DC5FF71E4E234E00AF128D /* JetstreamKit.framework in Frameworks */,
			);
			runOnlyForDeploymentPostprocessing = 0;
		};
		F7ABE26D1DADE1B6005B3C70 /* Frameworks */ = {
			isa = PBXFrameworksBuildPhase;
			buildActionMask = 2147483647;
			files = (
			);
			runOnlyForDeploymentPostprocessing = 0;
		};
		F7CB72E71F0452E4005D1C4D /* Frameworks */ = {
			isa = PBXFrameworksBuildPhase;
			buildActionMask = 2147483647;
			files = (
				F7CB72EF1F0452E5005D1C4D /* JetstreamKit.framework in Frameworks */,
			);
			runOnlyForDeploymentPostprocessing = 0;
		};
/* End PBXFrameworksBuildPhase section */

/* Begin PBXGroup section */
		F73E7BE51DE61923000EE6B7 /* Model */ = {
			isa = PBXGroup;
			children = (
				F76B5DF41EFAAE5A009C0D92 /* Conditions+JSON.swift */,
				F76B5DF51EFAAE5A009C0D92 /* Forecast+JSON.swift */,
				F76B5DF61EFAAE5A009C0D92 /* Jetstream.xcdatamodeld */,
				F76B5DF81EFAAE5A009C0D92 /* Weather+JSON.swift */,
				F76B5DF91EFAAE5A009C0D92 /* Weather+Location.swift */,
				F76B5DFA1EFAAE5A009C0D92 /* WeatherModel.swift */,
			);
			name = Model;
			sourceTree = "<group>";
		};
		F73E7BE61DE61936000EE6B7 /* ViewModel */ = {
			isa = PBXGroup;
			children = (
				F76B5DEE1EFAAE3C009C0D92 /* ConditionsViewModel.swift */,
				F76B5DEF1EFAAE3C009C0D92 /* DataPointsViewModel.swift */,
				F76B5DF01EFAAE3C009C0D92 /* ForecastViewModel.swift */,
			);
			name = ViewModel;
			sourceTree = "<group>";
		};
		F76153B71A6DC2430053F3F9 = {
			isa = PBXGroup;
			children = (
				F7EE4B961EF0C38D00D81389 /* Jetstream-iOS */,
				F7ABE2721DADE1B6005B3C70 /* JetstreamKit */,
				F7CB72EB1F0452E5005D1C4D /* JetstreamKitTests */,
				F7D813501DDEBA4F009756DC /* Frameworks */,
				F76153C11A6DC2430053F3F9 /* Products */,
			);
			sourceTree = "<group>";
		};
		F76153C11A6DC2430053F3F9 /* Products */ = {
			isa = PBXGroup;
			children = (
				F76153C01A6DC2430053F3F9 /* Jetstream.app */,
				F7ABE2711DADE1B6005B3C70 /* JetstreamKit.framework */,
				F7CB72EA1F0452E4005D1C4D /* JetstreamKitTests.xctest */,
			);
			name = Products;
			sourceTree = "<group>";
		};
		F76B5E291EFAAFD3009C0D92 /* Controllers */ = {
			isa = PBXGroup;
			children = (
				F76B5E2D1EFAAFD3009C0D92 /* ViewController.swift */,
				F76B5E2A1EFAAFD3009C0D92 /* HeaderViewController.swift */,
				F76B5E2B1EFAAFD3009C0D92 /* HourlyForecastViewController.swift */,
				F76B5E2C1EFAAFD3009C0D92 /* TemperatureViewController.swift */,
			);
			path = Controllers;
			sourceTree = "<group>";
		};
		F76B5E321EFAAFE6009C0D92 /* Views */ = {
			isa = PBXGroup;
			children = (
				F76B5E331EFAAFE6009C0D92 /* DataPointsView.swift */,
				F76B5E341EFAAFE6009C0D92 /* DayForecastView.swift */,
				F76B5E351EFAAFE6009C0D92 /* DetailsView.swift */,
				F76B5E361EFAAFE6009C0D92 /* HourlyCollectionViewCell.swift */,
				F76B5E371EFAAFE6009C0D92 /* SizeConstants.swift */,
				F76B5E381EFAAFE6009C0D92 /* Styles.swift */,
				F76B5E391EFAAFE6009C0D92 /* SummaryView.swift */,
				F76B5E3A1EFAAFE6009C0D92 /* WeatherSceneView.swift */,
				F76B5E3B1EFAAFE6009C0D92 /* WeeklyForecastView.swift */,
			);
			path = Views;
			sourceTree = "<group>";
		};
		F76B5E451EFAAFF0009C0D92 /* Types & Extensions */ = {
			isa = PBXGroup;
			children = (
				F76B5E461EFAAFF0009C0D92 /* UIColor+HexColors.swift */,
				F76B5E471EFAAFF0009C0D92 /* UIStackView+Remove.swift */,
			);
			path = "Types & Extensions";
			sourceTree = "<group>";
		};
		F76B5E4A1EFAAFFD009C0D92 /* Scenes */ = {
			isa = PBXGroup;
			children = (
				F76B5E4B1EFAAFFD009C0D92 /* Cloud1.scnp */,
				F76B5E4C1EFAAFFD009C0D92 /* Cloud6.scnp */,
				F76B5E4D1EFAAFFD009C0D92 /* Cloud7.scnp */,
			);
			path = Scenes;
			sourceTree = "<group>";
		};
		F78BBA9E1DE5F5C70086B382 /* Types & Extensions */ = {
			isa = PBXGroup;
			children = (
				F76B5E151EFAAF12009C0D92 /* Identifiable.swift */,
				F76B5E161EFAAF12009C0D92 /* JSON.swift */,
				F76B5E171EFAAF12009C0D92 /* NetworkError.swift */,
				F76B5E181EFAAF12009C0D92 /* NSData+JSON.swift */,
				F76B5E191EFAAF12009C0D92 /* NSURL+Directories.swift */,
				F76B5E1A1EFAAF12009C0D92 /* Observable.swift */,
				F76B5E1B1EFAAF12009C0D92 /* Result.swift */,
				F76B5E1C1EFAAF12009C0D92 /* UIColor+HexColors.swift */,
			);
			name = "Types & Extensions";
			sourceTree = "<group>";
		};
		F7ABE2721DADE1B6005B3C70 /* JetstreamKit */ = {
			isa = PBXGroup;
			children = (
				F78BBA9E1DE5F5C70086B382 /* Types & Extensions */,
				F73E7BE51DE61923000EE6B7 /* Model */,
				F73E7BE61DE61936000EE6B7 /* ViewModel */,
				F76B5E251EFAAF1C009C0D92 /* LocationTracker.swift */,
				F76B5E261EFAAF1C009C0D92 /* NetworkController.swift */,
				F7074DB71DE2869F0080595F /* CoreDataController.swift */,
				F7ABE2811DADE277005B3C70 /* DarkSkyAPI.swift */,
				F79397EB1DEF58C400C5B14B /* Defaults.swift */,
				F7ABE2871DADE277005B3C70 /* String+WeatherIcons.swift */,
				F7ABE2731DADE1B6005B3C70 /* JetstreamKit.h */,
				F7ABE2741DADE1B6005B3C70 /* Info.plist */,
			);
			path = JetstreamKit;
			sourceTree = "<group>";
		};
		F7CB72EB1F0452E5005D1C4D /* JetstreamKitTests */ = {
			isa = PBXGroup;
			children = (
				F7CB72F51F045309005D1C4D /* BadResponseURLProtocol.swift */,
				F7CB72F61F045309005D1C4D /* BadStatusURLProtocol.swift */,
				F7CB72F71F045309005D1C4D /* FailingURLProtocol.swift */,
				F7CB72F81F045309005D1C4D /* ForecastViewModelTests.swift */,
				F7CB72F91F045309005D1C4D /* LocalURLProtocol.swift */,
				F7CB72FA1F045309005D1C4D /* NetworkControllerTests.swift */,
				F7CB72FB1F045309005D1C4D /* NSURLSessionConfiguration+Protocols.swift */,
				F7CB72EE1F0452E5005D1C4D /* Info.plist */,
			);
			path = JetstreamKitTests;
			sourceTree = "<group>";
		};
		F7D813501DDEBA4F009756DC /* Frameworks */ = {
			isa = PBXGroup;
			children = (
				F7371F281EF2C61200554D4E /* SceneKit.framework */,
			);
			name = Frameworks;
			sourceTree = "<group>";
		};
		F7EE4B961EF0C38D00D81389 /* Jetstream-iOS */ = {
			isa = PBXGroup;
			children = (
				F7EE4B971EF0C38D00D81389 /* AppDelegate.swift */,
				F76B5E291EFAAFD3009C0D92 /* Controllers */,
				F76B5E321EFAAFE6009C0D92 /* Views */,
				F76B5E451EFAAFF0009C0D92 /* Types & Extensions */,
				F76B5E4A1EFAAFFD009C0D92 /* Scenes */,
				F77EDFF91EF40FD00011EEF2 /* Particles.scnassets */,
				F7EE4BA41EF0C38D00D81389 /* Images.xcassets */,
				F7EE4BA51EF0C38D00D81389 /* Info.plist */,
				F7EE4BA61EF0C38D00D81389 /* Settings.bundle */,
				F7EE4BD81EF0C56700D81389 /* LaunchScreen.xib */,
				F74E7A3D1EFD70870024F051 /* weathericons-regular-webfont.ttf */,
			);
			path = "Jetstream-iOS";
			sourceTree = "<group>";
		};
/* End PBXGroup section */

/* Begin PBXHeadersBuildPhase section */
		F7ABE26E1DADE1B6005B3C70 /* Headers */ = {
			isa = PBXHeadersBuildPhase;
			buildActionMask = 2147483647;
			files = (
				F7ABE2751DADE1B6005B3C70 /* JetstreamKit.h in Headers */,
			);
			runOnlyForDeploymentPostprocessing = 0;
		};
/* End PBXHeadersBuildPhase section */

/* Begin PBXNativeTarget section */
		F76153BF1A6DC2430053F3F9 /* Jetstream-iOS */ = {
			isa = PBXNativeTarget;
			buildConfigurationList = F76153DF1A6DC2430053F3F9 /* Build configuration list for PBXNativeTarget "Jetstream-iOS" */;
			buildPhases = (
				F76153BC1A6DC2430053F3F9 /* Sources */,
				F76153BD1A6DC2430053F3F9 /* Frameworks */,
				F76153BE1A6DC2430053F3F9 /* Resources */,
				F7D8135C1DDEBA4F009756DC /* Embed App Extensions */,
				F7DC5FFB1E4E234E00AF128D /* Embed Frameworks */,
			);
			buildRules = (
			);
			dependencies = (
				F7DC5FFA1E4E234E00AF128D /* PBXTargetDependency */,
			);
			name = "Jetstream-iOS";
			productName = Jetstream;
			productReference = F76153C01A6DC2430053F3F9 /* Jetstream.app */;
			productType = "com.apple.product-type.application";
		};
		F7ABE2701DADE1B6005B3C70 /* JetstreamKit */ = {
			isa = PBXNativeTarget;
			buildConfigurationList = F7ABE2761DADE1B6005B3C70 /* Build configuration list for PBXNativeTarget "JetstreamKit" */;
			buildPhases = (
				F7ABE26C1DADE1B6005B3C70 /* Sources */,
				F7ABE26D1DADE1B6005B3C70 /* Frameworks */,
				F7ABE26E1DADE1B6005B3C70 /* Headers */,
				F7ABE26F1DADE1B6005B3C70 /* Resources */,
			);
			buildRules = (
			);
			dependencies = (
			);
			name = JetstreamKit;
			productName = JetstreamKit;
			productReference = F7ABE2711DADE1B6005B3C70 /* JetstreamKit.framework */;
			productType = "com.apple.product-type.framework";
		};
		F7CB72E91F0452E4005D1C4D /* JetstreamKitTests */ = {
			isa = PBXNativeTarget;
			buildConfigurationList = F7CB72F41F0452E5005D1C4D /* Build configuration list for PBXNativeTarget "JetstreamKitTests" */;
			buildPhases = (
				F7CB72E61F0452E4005D1C4D /* Sources */,
				F7CB72E71F0452E4005D1C4D /* Frameworks */,
				F7CB72E81F0452E4005D1C4D /* Resources */,
			);
			buildRules = (
			);
			dependencies = (
				F7CB72F11F0452E5005D1C4D /* PBXTargetDependency */,
			);
			name = JetstreamKitTests;
			productName = JetstreamKitTests;
			productReference = F7CB72EA1F0452E4005D1C4D /* JetstreamKitTests.xctest */;
			productType = "com.apple.product-type.bundle.unit-test";
		};
/* End PBXNativeTarget section */

/* Begin PBXProject section */
		F76153B81A6DC2430053F3F9 /* Project object */ = {
			isa = PBXProject;
			attributes = {
				LastSwiftMigration = 0700;
				LastSwiftUpdateCheck = 0830;
				LastUpgradeCheck = 1000;
				ORGANIZATIONNAME = "Andrew Shepard";
				TargetAttributes = {
					F76153BF1A6DC2430053F3F9 = {
						CreatedOnToolsVersion = 6.2;
						LastSwiftMigration = 0900;
						ProvisioningStyle = Manual;
						SystemCapabilities = {
							com.apple.BackgroundModes = {
								enabled = 1;
							};
						};
					};
					F7ABE2701DADE1B6005B3C70 = {
						CreatedOnToolsVersion = 8.0;
						LastSwiftMigration = 0900;
						ProvisioningStyle = Manual;
					};
					F7CB72E91F0452E4005D1C4D = {
						CreatedOnToolsVersion = 8.3.3;
						ProvisioningStyle = Manual;
					};
				};
			};
			buildConfigurationList = F76153BB1A6DC2430053F3F9 /* Build configuration list for PBXProject "Jetstream" */;
			compatibilityVersion = "Xcode 8.0";
			developmentRegion = English;
			hasScannedForEncodings = 0;
			knownRegions = (
				en,
				Base,
			);
			mainGroup = F76153B71A6DC2430053F3F9;
			productRefGroup = F76153C11A6DC2430053F3F9 /* Products */;
			projectDirPath = "";
			projectRoot = "";
			targets = (
				F7ABE2701DADE1B6005B3C70 /* JetstreamKit */,
				F76153BF1A6DC2430053F3F9 /* Jetstream-iOS */,
				F7CB72E91F0452E4005D1C4D /* JetstreamKitTests */,
			);
		};
/* End PBXProject section */

/* Begin PBXResourcesBuildPhase section */
		F76153BE1A6DC2430053F3F9 /* Resources */ = {
			isa = PBXResourcesBuildPhase;
			buildActionMask = 2147483647;
			files = (
				F77EDFFA1EF40FD00011EEF2 /* Particles.scnassets in Resources */,
				F76B5E4E1EFAAFFD009C0D92 /* Cloud1.scnp in Resources */,
				F74E7A3E1EFD70870024F051 /* weathericons-regular-webfont.ttf in Resources */,
				F77EDFF61EF40F3E0011EEF2 /* Images.xcassets in Resources */,
				F76B5E501EFAAFFD009C0D92 /* Cloud7.scnp in Resources */,
				F7EE4BBB1EF0C3D300D81389 /* Settings.bundle in Resources */,
				F76B5E4F1EFAAFFD009C0D92 /* Cloud6.scnp in Resources */,
				F762FCAF1EF0C65B002A1FF4 /* LaunchScreen.xib in Resources */,
			);
			runOnlyForDeploymentPostprocessing = 0;
		};
		F7ABE26F1DADE1B6005B3C70 /* Resources */ = {
			isa = PBXResourcesBuildPhase;
			buildActionMask = 2147483647;
			files = (
			);
			runOnlyForDeploymentPostprocessing = 0;
		};
		F7CB72E81F0452E4005D1C4D /* Resources */ = {
			isa = PBXResourcesBuildPhase;
			buildActionMask = 2147483647;
			files = (
			);
			runOnlyForDeploymentPostprocessing = 0;
		};
/* End PBXResourcesBuildPhase section */

/* Begin PBXSourcesBuildPhase section */
		F76153BC1A6DC2430053F3F9 /* Sources */ = {
			isa = PBXSourcesBuildPhase;
			buildActionMask = 2147483647;
			files = (
				F76B5E411EFAAFE6009C0D92 /* Styles.swift in Sources */,
				F76B5E311EFAAFD3009C0D92 /* ViewController.swift in Sources */,
				F76B5E3C1EFAAFE6009C0D92 /* DataPointsView.swift in Sources */,
				F76B5E3F1EFAAFE6009C0D92 /* HourlyCollectionViewCell.swift in Sources */,
				F76B5E441EFAAFE6009C0D92 /* WeeklyForecastView.swift in Sources */,
				F7EE4BAE1EF0C3A000D81389 /* AppDelegate.swift in Sources */,
				F76B5E421EFAAFE6009C0D92 /* SummaryView.swift in Sources */,
				F76B5E2F1EFAAFD3009C0D92 /* HourlyForecastViewController.swift in Sources */,
				F76B5E3D1EFAAFE6009C0D92 /* DayForecastView.swift in Sources */,
				F76B5E431EFAAFE6009C0D92 /* WeatherSceneView.swift in Sources */,
				F76B5E401EFAAFE6009C0D92 /* SizeConstants.swift in Sources */,
				F76B5E491EFAAFF0009C0D92 /* UIStackView+Remove.swift in Sources */,
				F76B5E3E1EFAAFE6009C0D92 /* DetailsView.swift in Sources */,
				F76B5E481EFAAFF0009C0D92 /* UIColor+HexColors.swift in Sources */,
				F76B5E2E1EFAAFD3009C0D92 /* HeaderViewController.swift in Sources */,
				F76B5E301EFAAFD3009C0D92 /* TemperatureViewController.swift in Sources */,
			);
			runOnlyForDeploymentPostprocessing = 0;
		};
		F7ABE26C1DADE1B6005B3C70 /* Sources */ = {
			isa = PBXSourcesBuildPhase;
			buildActionMask = 2147483647;
			files = (
				F76B5E221EFAAF12009C0D92 /* Observable.swift in Sources */,
				F76B5DFD1EFAAE5A009C0D92 /* Jetstream.xcdatamodeld in Sources */,
				F76B5E1F1EFAAF12009C0D92 /* NetworkError.swift in Sources */,
				F7ABE2911DADE277005B3C70 /* String+WeatherIcons.swift in Sources */,
				F76B5DFE1EFAAE5A009C0D92 /* Weather+JSON.swift in Sources */,
				F7074DB81DE2869F0080595F /* CoreDataController.swift in Sources */,
				F76B5E231EFAAF12009C0D92 /* Result.swift in Sources */,
				F76B5E271EFAAF1C009C0D92 /* LocationTracker.swift in Sources */,
				F76B5DFB1EFAAE5A009C0D92 /* Conditions+JSON.swift in Sources */,
				F76B5E211EFAAF12009C0D92 /* NSURL+Directories.swift in Sources */,
				F76B5E241EFAAF12009C0D92 /* UIColor+HexColors.swift in Sources */,
				F76B5DF21EFAAE3C009C0D92 /* DataPointsViewModel.swift in Sources */,
				F76B5E1E1EFAAF12009C0D92 /* JSON.swift in Sources */,
				F7ABE28B1DADE277005B3C70 /* DarkSkyAPI.swift in Sources */,
				F76B5E201EFAAF12009C0D92 /* NSData+JSON.swift in Sources */,
				F76B5DFF1EFAAE5A009C0D92 /* Weather+Location.swift in Sources */,
				F76B5DF11EFAAE3C009C0D92 /* ConditionsViewModel.swift in Sources */,
				F76B5E281EFAAF1C009C0D92 /* NetworkController.swift in Sources */,
				F79397EC1DEF58C400C5B14B /* Defaults.swift in Sources */,
				F76B5DF31EFAAE3C009C0D92 /* ForecastViewModel.swift in Sources */,
				F76B5E1D1EFAAF12009C0D92 /* Identifiable.swift in Sources */,
				F76B5E001EFAAE5A009C0D92 /* WeatherModel.swift in Sources */,
				F76B5DFC1EFAAE5A009C0D92 /* Forecast+JSON.swift in Sources */,
			);
			runOnlyForDeploymentPostprocessing = 0;
		};
		F7CB72E61F0452E4005D1C4D /* Sources */ = {
			isa = PBXSourcesBuildPhase;
			buildActionMask = 2147483647;
			files = (
				F7CB72FC1F045309005D1C4D /* BadResponseURLProtocol.swift in Sources */,
				F7CB72FD1F045309005D1C4D /* BadStatusURLProtocol.swift in Sources */,
				F7CB73011F045309005D1C4D /* NetworkControllerTests.swift in Sources */,
				F7CB73021F045309005D1C4D /* NSURLSessionConfiguration+Protocols.swift in Sources */,
				F7CB72FE1F045309005D1C4D /* FailingURLProtocol.swift in Sources */,
				F7CB73001F045309005D1C4D /* LocalURLProtocol.swift in Sources */,
			);
			runOnlyForDeploymentPostprocessing = 0;
		};
/* End PBXSourcesBuildPhase section */

/* Begin PBXTargetDependency section */
		F7CB72F11F0452E5005D1C4D /* PBXTargetDependency */ = {
			isa = PBXTargetDependency;
			target = F7ABE2701DADE1B6005B3C70 /* JetstreamKit */;
			targetProxy = F7CB72F01F0452E5005D1C4D /* PBXContainerItemProxy */;
		};
		F7DC5FFA1E4E234E00AF128D /* PBXTargetDependency */ = {
			isa = PBXTargetDependency;
			target = F7ABE2701DADE1B6005B3C70 /* JetstreamKit */;
			targetProxy = F7DC5FF91E4E234E00AF128D /* PBXContainerItemProxy */;
		};
/* End PBXTargetDependency section */

/* Begin PBXVariantGroup section */
		F7EE4BD81EF0C56700D81389 /* LaunchScreen.xib */ = {
			isa = PBXVariantGroup;
			children = (
				F7EE4BD91EF0C56700D81389 /* Base */,
			);
			name = LaunchScreen.xib;
			sourceTree = "<group>";
		};
/* End PBXVariantGroup section */

/* Begin XCBuildConfiguration section */
		F76153DD1A6DC2430053F3F9 /* Debug */ = {
			isa = XCBuildConfiguration;
			buildSettings = {
				ALWAYS_SEARCH_USER_PATHS = NO;
				CLANG_CXX_LANGUAGE_STANDARD = "gnu++0x";
				CLANG_CXX_LIBRARY = "libc++";
				CLANG_ENABLE_MODULES = YES;
				CLANG_ENABLE_OBJC_ARC = YES;
				CLANG_WARN_BLOCK_CAPTURE_AUTORELEASING = YES;
				CLANG_WARN_BOOL_CONVERSION = YES;
				CLANG_WARN_COMMA = YES;
				CLANG_WARN_CONSTANT_CONVERSION = YES;
				CLANG_WARN_DEPRECATED_OBJC_IMPLEMENTATIONS = YES;
				CLANG_WARN_DIRECT_OBJC_ISA_USAGE = YES_ERROR;
				CLANG_WARN_EMPTY_BODY = YES;
				CLANG_WARN_ENUM_CONVERSION = YES;
				CLANG_WARN_INFINITE_RECURSION = YES;
				CLANG_WARN_INT_CONVERSION = YES;
				CLANG_WARN_NON_LITERAL_NULL_CONVERSION = YES;
				CLANG_WARN_OBJC_IMPLICIT_RETAIN_SELF = YES;
				CLANG_WARN_OBJC_LITERAL_CONVERSION = YES;
				CLANG_WARN_OBJC_ROOT_CLASS = YES_ERROR;
				CLANG_WARN_RANGE_LOOP_ANALYSIS = YES;
				CLANG_WARN_STRICT_PROTOTYPES = YES;
				CLANG_WARN_SUSPICIOUS_MOVE = YES;
				CLANG_WARN_UNREACHABLE_CODE = YES;
				CLANG_WARN__DUPLICATE_METHOD_MATCH = YES;
				"CODE_SIGN_IDENTITY[sdk=iphoneos*]" = "iPhone Developer";
				COPY_PHASE_STRIP = NO;
				ENABLE_STRICT_OBJC_MSGSEND = YES;
				ENABLE_TESTABILITY = YES;
				GCC_C_LANGUAGE_STANDARD = gnu99;
				GCC_DYNAMIC_NO_PIC = NO;
				GCC_NO_COMMON_BLOCKS = YES;
				GCC_OPTIMIZATION_LEVEL = 0;
				GCC_PREPROCESSOR_DEFINITIONS = (
					"DEBUG=1",
					"$(inherited)",
				);
				GCC_SYMBOLS_PRIVATE_EXTERN = NO;
				GCC_WARN_64_TO_32_BIT_CONVERSION = YES;
				GCC_WARN_ABOUT_RETURN_TYPE = YES_ERROR;
				GCC_WARN_UNDECLARED_SELECTOR = YES;
				GCC_WARN_UNINITIALIZED_AUTOS = YES_AGGRESSIVE;
				GCC_WARN_UNUSED_FUNCTION = YES;
				GCC_WARN_UNUSED_VARIABLE = YES;
				IPHONEOS_DEPLOYMENT_TARGET = 11.4;
				MTL_ENABLE_DEBUG_INFO = YES;
				ONLY_ACTIVE_ARCH = YES;
				SDKROOT = iphoneos;
				SWIFT_OPTIMIZATION_LEVEL = "-Onone";
				SWIFT_VERSION = 4.2;
			};
			name = Debug;
		};
		F76153DE1A6DC2430053F3F9 /* Release */ = {
			isa = XCBuildConfiguration;
			buildSettings = {
				ALWAYS_SEARCH_USER_PATHS = NO;
				CLANG_CXX_LANGUAGE_STANDARD = "gnu++0x";
				CLANG_CXX_LIBRARY = "libc++";
				CLANG_ENABLE_MODULES = YES;
				CLANG_ENABLE_OBJC_ARC = YES;
				CLANG_WARN_BLOCK_CAPTURE_AUTORELEASING = YES;
				CLANG_WARN_BOOL_CONVERSION = YES;
				CLANG_WARN_COMMA = YES;
				CLANG_WARN_CONSTANT_CONVERSION = YES;
				CLANG_WARN_DEPRECATED_OBJC_IMPLEMENTATIONS = YES;
				CLANG_WARN_DIRECT_OBJC_ISA_USAGE = YES_ERROR;
				CLANG_WARN_EMPTY_BODY = YES;
				CLANG_WARN_ENUM_CONVERSION = YES;
				CLANG_WARN_INFINITE_RECURSION = YES;
				CLANG_WARN_INT_CONVERSION = YES;
				CLANG_WARN_NON_LITERAL_NULL_CONVERSION = YES;
				CLANG_WARN_OBJC_IMPLICIT_RETAIN_SELF = YES;
				CLANG_WARN_OBJC_LITERAL_CONVERSION = YES;
				CLANG_WARN_OBJC_ROOT_CLASS = YES_ERROR;
				CLANG_WARN_RANGE_LOOP_ANALYSIS = YES;
				CLANG_WARN_STRICT_PROTOTYPES = YES;
				CLANG_WARN_SUSPICIOUS_MOVE = YES;
				CLANG_WARN_UNREACHABLE_CODE = YES;
				CLANG_WARN__DUPLICATE_METHOD_MATCH = YES;
				"CODE_SIGN_IDENTITY[sdk=iphoneos*]" = "iPhone Developer";
				COPY_PHASE_STRIP = YES;
				ENABLE_NS_ASSERTIONS = NO;
				ENABLE_STRICT_OBJC_MSGSEND = YES;
				GCC_C_LANGUAGE_STANDARD = gnu99;
				GCC_NO_COMMON_BLOCKS = YES;
				GCC_WARN_64_TO_32_BIT_CONVERSION = YES;
				GCC_WARN_ABOUT_RETURN_TYPE = YES_ERROR;
				GCC_WARN_UNDECLARED_SELECTOR = YES;
				GCC_WARN_UNINITIALIZED_AUTOS = YES_AGGRESSIVE;
				GCC_WARN_UNUSED_FUNCTION = YES;
				GCC_WARN_UNUSED_VARIABLE = YES;
				IPHONEOS_DEPLOYMENT_TARGET = 11.4;
				MTL_ENABLE_DEBUG_INFO = NO;
				SDKROOT = iphoneos;
				SWIFT_VERSION = 4.2;
				VALIDATE_PRODUCT = YES;
			};
			name = Release;
		};
		F76153E01A6DC2430053F3F9 /* Debug */ = {
			isa = XCBuildConfiguration;
			buildSettings = {
				ALWAYS_EMBED_SWIFT_STANDARD_LIBRARIES = YES;
				ASSETCATALOG_COMPILER_APPICON_NAME = AppIcon;
				CLANG_ENABLE_MODULES = YES;
				CODE_SIGN_IDENTITY = "iPhone Developer";
				"CODE_SIGN_IDENTITY[sdk=iphoneos*]" = "iPhone Developer";
				CODE_SIGN_STYLE = Manual;
				DEVELOPMENT_TEAM = "";
				ENABLE_BITCODE = YES;
				INFOPLIST_FILE = "$(SRCROOT)/Jetstream-iOS/Info.plist";
				IPHONEOS_DEPLOYMENT_TARGET = 11.4;
				LD_RUNPATH_SEARCH_PATHS = "$(inherited) @executable_path/Frameworks";
				PRODUCT_BUNDLE_IDENTIFIER = "com.cocoascientist.Jetstream-iOS";
				PRODUCT_NAME = Jetstream;
				PROVISIONING_PROFILE_SPECIFIER = "";
				SWIFT_OPTIMIZATION_LEVEL = "-Onone";
				SWIFT_SWIFT3_OBJC_INFERENCE = Off;
				TARGETED_DEVICE_FAMILY = 1;
			};
			name = Debug;
		};
		F76153E11A6DC2430053F3F9 /* Release */ = {
			isa = XCBuildConfiguration;
			buildSettings = {
				ALWAYS_EMBED_SWIFT_STANDARD_LIBRARIES = YES;
				ASSETCATALOG_COMPILER_APPICON_NAME = AppIcon;
				CLANG_ENABLE_MODULES = YES;
				CODE_SIGN_IDENTITY = "iPhone Developer";
				"CODE_SIGN_IDENTITY[sdk=iphoneos*]" = "iPhone Developer";
				CODE_SIGN_STYLE = Manual;
				DEVELOPMENT_TEAM = "";
				ENABLE_BITCODE = YES;
				INFOPLIST_FILE = "$(SRCROOT)/Jetstream-iOS/Info.plist";
				IPHONEOS_DEPLOYMENT_TARGET = 11.4;
				LD_RUNPATH_SEARCH_PATHS = "$(inherited) @executable_path/Frameworks";
				PRODUCT_BUNDLE_IDENTIFIER = "com.cocoascientist.Jetstream-iOS";
				PRODUCT_NAME = Jetstream;
				PROVISIONING_PROFILE_SPECIFIER = "";
				SWIFT_OPTIMIZATION_LEVEL = "-Owholemodule";
				SWIFT_SWIFT3_OBJC_INFERENCE = Off;
				TARGETED_DEVICE_FAMILY = 1;
			};
			name = Release;
		};
		F7ABE2771DADE1B6005B3C70 /* Debug */ = {
			isa = XCBuildConfiguration;
			buildSettings = {
				CLANG_ANALYZER_NONNULL = YES;
				CLANG_ENABLE_MODULES = YES;
				CLANG_WARN_DOCUMENTATION_COMMENTS = YES;
				CLANG_WARN_INFINITE_RECURSION = YES;
				CLANG_WARN_SUSPICIOUS_MOVES = YES;
				CODE_SIGN_IDENTITY = "iPhone Developer";
				"CODE_SIGN_IDENTITY[sdk=iphoneos*]" = "";
				CODE_SIGN_STYLE = Manual;
				COMBINE_HIDPI_IMAGES = YES;
				CURRENT_PROJECT_VERSION = 1;
				DEBUG_INFORMATION_FORMAT = dwarf;
				DEFINES_MODULE = YES;
				DEVELOPMENT_TEAM = "";
				DYLIB_COMPATIBILITY_VERSION = 1;
				DYLIB_CURRENT_VERSION = 1;
				DYLIB_INSTALL_NAME_BASE = "@rpath";
				ENABLE_BITCODE = YES;
				FRAMEWORK_VERSION = A;
				INFOPLIST_FILE = JetstreamKit/Info.plist;
				INSTALL_PATH = "$(LOCAL_LIBRARY_DIR)/Frameworks";
				IPHONEOS_DEPLOYMENT_TARGET = 11.4;
				LD_RUNPATH_SEARCH_PATHS = "$(inherited) @executable_path/../Frameworks @loader_path/Frameworks";
				MACOSX_DEPLOYMENT_TARGET = 10.12;
				PRODUCT_BUNDLE_IDENTIFIER = com.cocoascientist.JetstreamKit;
				PRODUCT_NAME = "$(TARGET_NAME)";
				PROVISIONING_PROFILE_SPECIFIER = "";
				SDKROOT = iphoneos;
				SKIP_INSTALL = YES;
				SUPPORTED_PLATFORMS = "iphonesimulator iphoneos macosx";
				SWIFT_ACTIVE_COMPILATION_CONDITIONS = DEBUG;
				SWIFT_OPTIMIZATION_LEVEL = "-Onone";
				SWIFT_SWIFT3_OBJC_INFERENCE = Off;
				VALID_ARCHS = "x86_64 i386 arm7s arm7";
				VERSIONING_SYSTEM = "apple-generic";
				VERSION_INFO_PREFIX = "";
			};
			name = Debug;
		};
		F7ABE2781DADE1B6005B3C70 /* Release */ = {
			isa = XCBuildConfiguration;
			buildSettings = {
				CLANG_ANALYZER_NONNULL = YES;
				CLANG_ENABLE_MODULES = YES;
				CLANG_WARN_DOCUMENTATION_COMMENTS = YES;
				CLANG_WARN_INFINITE_RECURSION = YES;
				CLANG_WARN_SUSPICIOUS_MOVES = YES;
				CODE_SIGN_IDENTITY = "iPhone Developer";
				"CODE_SIGN_IDENTITY[sdk=iphoneos*]" = "";
				CODE_SIGN_STYLE = Manual;
				COMBINE_HIDPI_IMAGES = YES;
				COPY_PHASE_STRIP = NO;
				CURRENT_PROJECT_VERSION = 1;
				DEBUG_INFORMATION_FORMAT = "dwarf-with-dsym";
				DEFINES_MODULE = YES;
				DEVELOPMENT_TEAM = "";
				DYLIB_COMPATIBILITY_VERSION = 1;
				DYLIB_CURRENT_VERSION = 1;
				DYLIB_INSTALL_NAME_BASE = "@rpath";
				ENABLE_BITCODE = YES;
				FRAMEWORK_VERSION = A;
				INFOPLIST_FILE = JetstreamKit/Info.plist;
				INSTALL_PATH = "$(LOCAL_LIBRARY_DIR)/Frameworks";
				IPHONEOS_DEPLOYMENT_TARGET = 11.4;
				LD_RUNPATH_SEARCH_PATHS = "$(inherited) @executable_path/../Frameworks @loader_path/Frameworks";
				MACOSX_DEPLOYMENT_TARGET = 10.12;
				PRODUCT_BUNDLE_IDENTIFIER = com.cocoascientist.JetstreamKit;
				PRODUCT_NAME = "$(TARGET_NAME)";
				PROVISIONING_PROFILE_SPECIFIER = "";
				SDKROOT = iphoneos;
				SKIP_INSTALL = YES;
				SUPPORTED_PLATFORMS = "iphonesimulator iphoneos macosx";
				SWIFT_OPTIMIZATION_LEVEL = "-Owholemodule";
				SWIFT_SWIFT3_OBJC_INFERENCE = Off;
				VALID_ARCHS = "x86_64 i386 arm7s arm7";
				VERSIONING_SYSTEM = "apple-generic";
				VERSION_INFO_PREFIX = "";
			};
			name = Release;
		};
		F7CB72F21F0452E5005D1C4D /* Debug */ = {
			isa = XCBuildConfiguration;
			buildSettings = {
				CLANG_ANALYZER_NONNULL = YES;
				CLANG_ANALYZER_NUMBER_OBJECT_CONVERSION = YES_AGGRESSIVE;
				CLANG_WARN_DOCUMENTATION_COMMENTS = YES;
				CODE_SIGN_STYLE = Manual;
				DEBUG_INFORMATION_FORMAT = dwarf;
				DEVELOPMENT_TEAM = "";
				INFOPLIST_FILE = JetstreamKitTests/Info.plist;
				IPHONEOS_DEPLOYMENT_TARGET = 10.3;
				LD_RUNPATH_SEARCH_PATHS = "$(inherited) @executable_path/Frameworks @loader_path/Frameworks";
				PRODUCT_BUNDLE_IDENTIFIER = org.andyshep.JetstreamKitTests;
				PRODUCT_NAME = "$(TARGET_NAME)";
				PROVISIONING_PROFILE_SPECIFIER = "";
				SWIFT_ACTIVE_COMPILATION_CONDITIONS = DEBUG;
			};
			name = Debug;
		};
		F7CB72F31F0452E5005D1C4D /* Release */ = {
			isa = XCBuildConfiguration;
			buildSettings = {
				CLANG_ANALYZER_NONNULL = YES;
				CLANG_ANALYZER_NUMBER_OBJECT_CONVERSION = YES_AGGRESSIVE;
				CLANG_WARN_DOCUMENTATION_COMMENTS = YES;
				CODE_SIGN_STYLE = Manual;
				COPY_PHASE_STRIP = NO;
				DEBUG_INFORMATION_FORMAT = "dwarf-with-dsym";
				DEVELOPMENT_TEAM = "";
				INFOPLIST_FILE = JetstreamKitTests/Info.plist;
				IPHONEOS_DEPLOYMENT_TARGET = 10.3;
				LD_RUNPATH_SEARCH_PATHS = "$(inherited) @executable_path/Frameworks @loader_path/Frameworks";
				PRODUCT_BUNDLE_IDENTIFIER = org.andyshep.JetstreamKitTests;
				PRODUCT_NAME = "$(TARGET_NAME)";
				PROVISIONING_PROFILE_SPECIFIER = "";
				SWIFT_OPTIMIZATION_LEVEL = "-Owholemodule";
			};
			name = Release;
		};
/* End XCBuildConfiguration section */

/* Begin XCConfigurationList section */
		F76153BB1A6DC2430053F3F9 /* Build configuration list for PBXProject "Jetstream" */ = {
			isa = XCConfigurationList;
			buildConfigurations = (
				F76153DD1A6DC2430053F3F9 /* Debug */,
				F76153DE1A6DC2430053F3F9 /* Release */,
			);
			defaultConfigurationIsVisible = 0;
			defaultConfigurationName = Release;
		};
		F76153DF1A6DC2430053F3F9 /* Build configuration list for PBXNativeTarget "Jetstream-iOS" */ = {
			isa = XCConfigurationList;
			buildConfigurations = (
				F76153E01A6DC2430053F3F9 /* Debug */,
				F76153E11A6DC2430053F3F9 /* Release */,
			);
			defaultConfigurationIsVisible = 0;
			defaultConfigurationName = Release;
		};
		F7ABE2761DADE1B6005B3C70 /* Build configuration list for PBXNativeTarget "JetstreamKit" */ = {
			isa = XCConfigurationList;
			buildConfigurations = (
				F7ABE2771DADE1B6005B3C70 /* Debug */,
				F7ABE2781DADE1B6005B3C70 /* Release */,
			);
			defaultConfigurationIsVisible = 0;
			defaultConfigurationName = Release;
		};
		F7CB72F41F0452E5005D1C4D /* Build configuration list for PBXNativeTarget "JetstreamKitTests" */ = {
			isa = XCConfigurationList;
			buildConfigurations = (
				F7CB72F21F0452E5005D1C4D /* Debug */,
				F7CB72F31F0452E5005D1C4D /* Release */,
			);
			defaultConfigurationIsVisible = 0;
			defaultConfigurationName = Release;
		};
/* End XCConfigurationList section */

/* Begin XCVersionGroup section */
		F76B5DF61EFAAE5A009C0D92 /* Jetstream.xcdatamodeld */ = {
			isa = XCVersionGroup;
			children = (
				F76B5DF71EFAAE5A009C0D92 /* Jetstream.xcdatamodel */,
			);
			currentVersion = F76B5DF71EFAAE5A009C0D92 /* Jetstream.xcdatamodel */;
			name = Jetstream.xcdatamodeld;
			path = Model/Jetstream.xcdatamodeld;
			sourceTree = "<group>";
			versionGroupType = wrapper.xcdatamodel;
		};
/* End XCVersionGroup section */
	};
	rootObject = F76153B81A6DC2430053F3F9 /* Project object */;
}
